// !$*UTF8*$!
{
	archiveVersion = 1;
	classes = {
	};
	objectVersion = 60;
	objects = {

/* Begin PBXBuildFile section */
		387C31692BEE441300DEA413 /* AppDelegate.swift in Sources */ = {isa = PBXBuildFile; fileRef = 387C31682BEE441300DEA413 /* AppDelegate.swift */; };
		387C316B2BEE441300DEA413 /* SceneDelegate.swift in Sources */ = {isa = PBXBuildFile; fileRef = 387C316A2BEE441300DEA413 /* SceneDelegate.swift */; };
		387C316D2BEE441300DEA413 /* ViewController.swift in Sources */ = {isa = PBXBuildFile; fileRef = 387C316C2BEE441300DEA413 /* ViewController.swift */; };
		387C31702BEE441300DEA413 /* Base in Resources */ = {isa = PBXBuildFile; fileRef = 387C316F2BEE441300DEA413 /* Base */; };
		387C31722BEE441600DEA413 /* Assets.xcassets in Resources */ = {isa = PBXBuildFile; fileRef = 387C31712BEE441600DEA413 /* Assets.xcassets */; };
		387C31752BEE441600DEA413 /* Base in Resources */ = {isa = PBXBuildFile; fileRef = 387C31742BEE441600DEA413 /* Base */; };
		387C31802BEE441600DEA413 /* SportsAppTests.swift in Sources */ = {isa = PBXBuildFile; fileRef = 387C317F2BEE441600DEA413 /* SportsAppTests.swift */; };
		387C318A2BEE441600DEA413 /* SportsAppUITests.swift in Sources */ = {isa = PBXBuildFile; fileRef = 387C31892BEE441600DEA413 /* SportsAppUITests.swift */; };
		387C318C2BEE441600DEA413 /* SportsAppUITestsLaunchTests.swift in Sources */ = {isa = PBXBuildFile; fileRef = 387C318B2BEE441600DEA413 /* SportsAppUITestsLaunchTests.swift */; };
		387C319B2BEE5FDE00DEA413 /* HomeCollectionViewController.swift in Sources */ = {isa = PBXBuildFile; fileRef = 387C319A2BEE5FDE00DEA413 /* HomeCollectionViewController.swift */; };
		387C319D2BEE607A00DEA413 /* SportCollectionViewCustomCell.swift in Sources */ = {isa = PBXBuildFile; fileRef = 387C319C2BEE607A00DEA413 /* SportCollectionViewCustomCell.swift */; };
		387C319F2BEE709500DEA413 /* FlowLayout.swift in Sources */ = {isa = PBXBuildFile; fileRef = 387C319E2BEE709500DEA413 /* FlowLayout.swift */; };
/* End PBXBuildFile section */

/* Begin PBXContainerItemProxy section */
		387C317C2BEE441600DEA413 /* PBXContainerItemProxy */ = {
			isa = PBXContainerItemProxy;
			containerPortal = 387C315D2BEE441300DEA413 /* Project object */;
			proxyType = 1;
			remoteGlobalIDString = 387C31642BEE441300DEA413;
			remoteInfo = SportsApp;
		};
		387C31862BEE441600DEA413 /* PBXContainerItemProxy */ = {
			isa = PBXContainerItemProxy;
			containerPortal = 387C315D2BEE441300DEA413 /* Project object */;
			proxyType = 1;
			remoteGlobalIDString = 387C31642BEE441300DEA413;
			remoteInfo = SportsApp;
		};
/* End PBXContainerItemProxy section */

/* Begin PBXFileReference section */
		387C31652BEE441300DEA413 /* SportsApp.app */ = {isa = PBXFileReference; explicitFileType = wrapper.application; includeInIndex = 0; path = SportsApp.app; sourceTree = BUILT_PRODUCTS_DIR; };
		387C31682BEE441300DEA413 /* AppDelegate.swift */ = {isa = PBXFileReference; lastKnownFileType = sourcecode.swift; path = AppDelegate.swift; sourceTree = "<group>"; };
		387C316A2BEE441300DEA413 /* SceneDelegate.swift */ = {isa = PBXFileReference; lastKnownFileType = sourcecode.swift; path = SceneDelegate.swift; sourceTree = "<group>"; };
		387C316C2BEE441300DEA413 /* ViewController.swift */ = {isa = PBXFileReference; lastKnownFileType = sourcecode.swift; path = ViewController.swift; sourceTree = "<group>"; };
		387C316F2BEE441300DEA413 /* Base */ = {isa = PBXFileReference; lastKnownFileType = file.storyboard; name = Base; path = Base.lproj/Main.storyboard; sourceTree = "<group>"; };
		387C31712BEE441600DEA413 /* Assets.xcassets */ = {isa = PBXFileReference; lastKnownFileType = folder.assetcatalog; path = Assets.xcassets; sourceTree = "<group>"; };
		387C31742BEE441600DEA413 /* Base */ = {isa = PBXFileReference; lastKnownFileType = file.storyboard; name = Base; path = Base.lproj/LaunchScreen.storyboard; sourceTree = "<group>"; };
		387C31762BEE441600DEA413 /* Info.plist */ = {isa = PBXFileReference; lastKnownFileType = text.plist.xml; path = Info.plist; sourceTree = "<group>"; };
		387C317B2BEE441600DEA413 /* SportsAppTests.xctest */ = {isa = PBXFileReference; explicitFileType = wrapper.cfbundle; includeInIndex = 0; path = SportsAppTests.xctest; sourceTree = BUILT_PRODUCTS_DIR; };
		387C317F2BEE441600DEA413 /* SportsAppTests.swift */ = {isa = PBXFileReference; lastKnownFileType = sourcecode.swift; path = SportsAppTests.swift; sourceTree = "<group>"; };
		387C31852BEE441600DEA413 /* SportsAppUITests.xctest */ = {isa = PBXFileReference; explicitFileType = wrapper.cfbundle; includeInIndex = 0; path = SportsAppUITests.xctest; sourceTree = BUILT_PRODUCTS_DIR; };
		387C31892BEE441600DEA413 /* SportsAppUITests.swift */ = {isa = PBXFileReference; lastKnownFileType = sourcecode.swift; path = SportsAppUITests.swift; sourceTree = "<group>"; };
		387C318B2BEE441600DEA413 /* SportsAppUITestsLaunchTests.swift */ = {isa = PBXFileReference; lastKnownFileType = sourcecode.swift; path = SportsAppUITestsLaunchTests.swift; sourceTree = "<group>"; };
		387C319A2BEE5FDE00DEA413 /* HomeCollectionViewController.swift */ = {isa = PBXFileReference; lastKnownFileType = sourcecode.swift; path = HomeCollectionViewController.swift; sourceTree = "<group>"; };
		387C319C2BEE607A00DEA413 /* SportCollectionViewCustomCell.swift */ = {isa = PBXFileReference; lastKnownFileType = sourcecode.swift; path = SportCollectionViewCustomCell.swift; sourceTree = "<group>"; };
		387C319E2BEE709500DEA413 /* FlowLayout.swift */ = {isa = PBXFileReference; lastKnownFileType = sourcecode.swift; path = FlowLayout.swift; sourceTree = "<group>"; };
/* End PBXFileReference section */

/* Begin PBXFrameworksBuildPhase section */
		387C31622BEE441300DEA413 /* Frameworks */ = {
			isa = PBXFrameworksBuildPhase;
			buildActionMask = 2147483647;
			files = (
			);
			runOnlyForDeploymentPostprocessing = 0;
		};
		387C31782BEE441600DEA413 /* Frameworks */ = {
			isa = PBXFrameworksBuildPhase;
			buildActionMask = 2147483647;
			files = (
			);
			runOnlyForDeploymentPostprocessing = 0;
		};
		387C31822BEE441600DEA413 /* Frameworks */ = {
			isa = PBXFrameworksBuildPhase;
			buildActionMask = 2147483647;
			files = (
			);
			runOnlyForDeploymentPostprocessing = 0;
		};
/* End PBXFrameworksBuildPhase section */

/* Begin PBXGroup section */
		387C315C2BEE441300DEA413 = {
			isa = PBXGroup;
			children = (
				387C31672BEE441300DEA413 /* SportsApp */,
				387C317E2BEE441600DEA413 /* SportsAppTests */,
				387C31882BEE441600DEA413 /* SportsAppUITests */,
				387C31662BEE441300DEA413 /* Products */,
			);
			sourceTree = "<group>";
		};
		387C31662BEE441300DEA413 /* Products */ = {
			isa = PBXGroup;
			children = (
				387C31652BEE441300DEA413 /* SportsApp.app */,
				387C317B2BEE441600DEA413 /* SportsAppTests.xctest */,
				387C31852BEE441600DEA413 /* SportsAppUITests.xctest */,
			);
			name = Products;
			sourceTree = "<group>";
		};
		387C31672BEE441300DEA413 /* SportsApp */ = {
			isa = PBXGroup;
			children = (
				387C31B22BEF641D00DEA413 /* modules */,
				387C31682BEE441300DEA413 /* AppDelegate.swift */,
				387C316A2BEE441300DEA413 /* SceneDelegate.swift */,
				387C316C2BEE441300DEA413 /* ViewController.swift */,
				387C316E2BEE441300DEA413 /* Main.storyboard */,
				387C31712BEE441600DEA413 /* Assets.xcassets */,
				387C31732BEE441600DEA413 /* LaunchScreen.storyboard */,
				387C31762BEE441600DEA413 /* Info.plist */,
			);
			path = SportsApp;
			sourceTree = "<group>";
		};
		387C317E2BEE441600DEA413 /* SportsAppTests */ = {
			isa = PBXGroup;
			children = (
				387C317F2BEE441600DEA413 /* SportsAppTests.swift */,
			);
			path = SportsAppTests;
			sourceTree = "<group>";
		};
		387C31882BEE441600DEA413 /* SportsAppUITests */ = {
			isa = PBXGroup;
			children = (
				387C31892BEE441600DEA413 /* SportsAppUITests.swift */,
				387C318B2BEE441600DEA413 /* SportsAppUITestsLaunchTests.swift */,
			);
			path = SportsAppUITests;
			sourceTree = "<group>";
		};
		387C31B22BEF641D00DEA413 /* modules */ = {
			isa = PBXGroup;
			children = (
				387C31B32BEF642800DEA413 /* home */,
			);
			path = modules;
			sourceTree = "<group>";
		};
		387C31B32BEF642800DEA413 /* home */ = {
			isa = PBXGroup;
			children = (
				387C319C2BEE607A00DEA413 /* SportCollectionViewCustomCell.swift */,
				387C319A2BEE5FDE00DEA413 /* HomeCollectionViewController.swift */,
				387C319E2BEE709500DEA413 /* FlowLayout.swift */,
			);
			path = home;
			sourceTree = "<group>";
		};
/* End PBXGroup section */

/* Begin PBXNativeTarget section */
		387C31642BEE441300DEA413 /* SportsApp */ = {
			isa = PBXNativeTarget;
			buildConfigurationList = 387C318F2BEE441700DEA413 /* Build configuration list for PBXNativeTarget "SportsApp" */;
			buildPhases = (
				387C31612BEE441300DEA413 /* Sources */,
				387C31622BEE441300DEA413 /* Frameworks */,
				387C31632BEE441300DEA413 /* Resources */,
			);
			buildRules = (
			);
			dependencies = (
			);
			name = SportsApp;
			productName = SportsApp;
			productReference = 387C31652BEE441300DEA413 /* SportsApp.app */;
			productType = "com.apple.product-type.application";
		};
		387C317A2BEE441600DEA413 /* SportsAppTests */ = {
			isa = PBXNativeTarget;
			buildConfigurationList = 387C31922BEE441700DEA413 /* Build configuration list for PBXNativeTarget "SportsAppTests" */;
			buildPhases = (
				387C31772BEE441600DEA413 /* Sources */,
				387C31782BEE441600DEA413 /* Frameworks */,
				387C31792BEE441600DEA413 /* Resources */,
			);
			buildRules = (
			);
			dependencies = (
				387C317D2BEE441600DEA413 /* PBXTargetDependency */,
			);
			name = SportsAppTests;
			productName = SportsAppTests;
			productReference = 387C317B2BEE441600DEA413 /* SportsAppTests.xctest */;
			productType = "com.apple.product-type.bundle.unit-test";
		};
		387C31842BEE441600DEA413 /* SportsAppUITests */ = {
			isa = PBXNativeTarget;
			buildConfigurationList = 387C31952BEE441700DEA413 /* Build configuration list for PBXNativeTarget "SportsAppUITests" */;
			buildPhases = (
				387C31812BEE441600DEA413 /* Sources */,
				387C31822BEE441600DEA413 /* Frameworks */,
				387C31832BEE441600DEA413 /* Resources */,
			);
			buildRules = (
			);
			dependencies = (
				387C31872BEE441600DEA413 /* PBXTargetDependency */,
			);
			name = SportsAppUITests;
			productName = SportsAppUITests;
			productReference = 387C31852BEE441600DEA413 /* SportsAppUITests.xctest */;
			productType = "com.apple.product-type.bundle.ui-testing";
		};
/* End PBXNativeTarget section */

/* Begin PBXProject section */
		387C315D2BEE441300DEA413 /* Project object */ = {
			isa = PBXProject;
			attributes = {
				BuildIndependentTargetsInParallel = 1;
				LastSwiftUpdateCheck = 1530;
				LastUpgradeCheck = 1530;
				TargetAttributes = {
					387C31642BEE441300DEA413 = {
						CreatedOnToolsVersion = 15.3;
					};
					387C317A2BEE441600DEA413 = {
						CreatedOnToolsVersion = 15.3;
						TestTargetID = 387C31642BEE441300DEA413;
					};
					387C31842BEE441600DEA413 = {
						CreatedOnToolsVersion = 15.3;
						TestTargetID = 387C31642BEE441300DEA413;
					};
				};
			};
			buildConfigurationList = 387C31602BEE441300DEA413 /* Build configuration list for PBXProject "SportsApp" */;
			compatibilityVersion = "Xcode 15.0";
			developmentRegion = en;
			hasScannedForEncodings = 0;
			knownRegions = (
				en,
				Base,
			);
			mainGroup = 387C315C2BEE441300DEA413;
			productRefGroup = 387C31662BEE441300DEA413 /* Products */;
			projectDirPath = "";
			projectRoot = "";
			targets = (
				387C31642BEE441300DEA413 /* SportsApp */,
				387C317A2BEE441600DEA413 /* SportsAppTests */,
				387C31842BEE441600DEA413 /* SportsAppUITests */,
			);
		};
/* End PBXProject section */

/* Begin PBXResourcesBuildPhase section */
		387C31632BEE441300DEA413 /* Resources */ = {
			isa = PBXResourcesBuildPhase;
			buildActionMask = 2147483647;
			files = (
				387C31722BEE441600DEA413 /* Assets.xcassets in Resources */,
				387C31752BEE441600DEA413 /* Base in Resources */,
				387C31702BEE441300DEA413 /* Base in Resources */,
			);
			runOnlyForDeploymentPostprocessing = 0;
		};
		387C31792BEE441600DEA413 /* Resources */ = {
			isa = PBXResourcesBuildPhase;
			buildActionMask = 2147483647;
			files = (
			);
			runOnlyForDeploymentPostprocessing = 0;
		};
		387C31832BEE441600DEA413 /* Resources */ = {
			isa = PBXResourcesBuildPhase;
			buildActionMask = 2147483647;
			files = (
			);
			runOnlyForDeploymentPostprocessing = 0;
		};
/* End PBXResourcesBuildPhase section */

/* Begin PBXSourcesBuildPhase section */
		387C31612BEE441300DEA413 /* Sources */ = {
			isa = PBXSourcesBuildPhase;
			buildActionMask = 2147483647;
			files = (
				387C316D2BEE441300DEA413 /* ViewController.swift in Sources */,
				387C319F2BEE709500DEA413 /* FlowLayout.swift in Sources */,
				387C319B2BEE5FDE00DEA413 /* HomeCollectionViewController.swift in Sources */,
				387C31692BEE441300DEA413 /* AppDelegate.swift in Sources */,
				387C319D2BEE607A00DEA413 /* SportCollectionViewCustomCell.swift in Sources */,
				387C316B2BEE441300DEA413 /* SceneDelegate.swift in Sources */,
			);
			runOnlyForDeploymentPostprocessing = 0;
		};
		387C31772BEE441600DEA413 /* Sources */ = {
			isa = PBXSourcesBuildPhase;
			buildActionMask = 2147483647;
			files = (
				387C31802BEE441600DEA413 /* SportsAppTests.swift in Sources */,
			);
			runOnlyForDeploymentPostprocessing = 0;
		};
		387C31812BEE441600DEA413 /* Sources */ = {
			isa = PBXSourcesBuildPhase;
			buildActionMask = 2147483647;
			files = (
				387C318A2BEE441600DEA413 /* SportsAppUITests.swift in Sources */,
				387C318C2BEE441600DEA413 /* SportsAppUITestsLaunchTests.swift in Sources */,
			);
			runOnlyForDeploymentPostprocessing = 0;
		};
/* End PBXSourcesBuildPhase section */

/* Begin PBXTargetDependency section */
		387C317D2BEE441600DEA413 /* PBXTargetDependency */ = {
			isa = PBXTargetDependency;
			target = 387C31642BEE441300DEA413 /* SportsApp */;
			targetProxy = 387C317C2BEE441600DEA413 /* PBXContainerItemProxy */;
		};
		387C31872BEE441600DEA413 /* PBXTargetDependency */ = {
			isa = PBXTargetDependency;
			target = 387C31642BEE441300DEA413 /* SportsApp */;
			targetProxy = 387C31862BEE441600DEA413 /* PBXContainerItemProxy */;
		};
/* End PBXTargetDependency section */

/* Begin PBXVariantGroup section */
		387C316E2BEE441300DEA413 /* Main.storyboard */ = {
			isa = PBXVariantGroup;
			children = (
				387C316F2BEE441300DEA413 /* Base */,
			);
			name = Main.storyboard;
			sourceTree = "<group>";
		};
		387C31732BEE441600DEA413 /* LaunchScreen.storyboard */ = {
			isa = PBXVariantGroup;
			children = (
				387C31742BEE441600DEA413 /* Base */,
			);
			name = LaunchScreen.storyboard;
			sourceTree = "<group>";
		};
/* End PBXVariantGroup section */

/* Begin XCBuildConfiguration section */
		387C318D2BEE441700DEA413 /* Debug */ = {
			isa = XCBuildConfiguration;
			buildSettings = {
				ALWAYS_SEARCH_USER_PATHS = NO;
				ASSETCATALOG_COMPILER_GENERATE_SWIFT_ASSET_SYMBOL_EXTENSIONS = YES;
				CLANG_ANALYZER_NONNULL = YES;
				CLANG_ANALYZER_NUMBER_OBJECT_CONVERSION = YES_AGGRESSIVE;
				CLANG_CXX_LANGUAGE_STANDARD = "gnu++20";
				CLANG_ENABLE_MODULES = YES;
				CLANG_ENABLE_OBJC_ARC = YES;
				CLANG_ENABLE_OBJC_WEAK = YES;
				CLANG_WARN_BLOCK_CAPTURE_AUTORELEASING = YES;
				CLANG_WARN_BOOL_CONVERSION = YES;
				CLANG_WARN_COMMA = YES;
				CLANG_WARN_CONSTANT_CONVERSION = YES;
				CLANG_WARN_DEPRECATED_OBJC_IMPLEMENTATIONS = YES;
				CLANG_WARN_DIRECT_OBJC_ISA_USAGE = YES_ERROR;
				CLANG_WARN_DOCUMENTATION_COMMENTS = YES;
				CLANG_WARN_EMPTY_BODY = YES;
				CLANG_WARN_ENUM_CONVERSION = YES;
				CLANG_WARN_INFINITE_RECURSION = YES;
				CLANG_WARN_INT_CONVERSION = YES;
				CLANG_WARN_NON_LITERAL_NULL_CONVERSION = YES;
				CLANG_WARN_OBJC_IMPLICIT_RETAIN_SELF = YES;
				CLANG_WARN_OBJC_LITERAL_CONVERSION = YES;
				CLANG_WARN_OBJC_ROOT_CLASS = YES_ERROR;
				CLANG_WARN_QUOTED_INCLUDE_IN_FRAMEWORK_HEADER = YES;
				CLANG_WARN_RANGE_LOOP_ANALYSIS = YES;
				CLANG_WARN_STRICT_PROTOTYPES = YES;
				CLANG_WARN_SUSPICIOUS_MOVE = YES;
				CLANG_WARN_UNGUARDED_AVAILABILITY = YES_AGGRESSIVE;
				CLANG_WARN_UNREACHABLE_CODE = YES;
				CLANG_WARN__DUPLICATE_METHOD_MATCH = YES;
				COPY_PHASE_STRIP = NO;
				DEBUG_INFORMATION_FORMAT = dwarf;
				ENABLE_STRICT_OBJC_MSGSEND = YES;
				ENABLE_TESTABILITY = YES;
				ENABLE_USER_SCRIPT_SANDBOXING = YES;
				GCC_C_LANGUAGE_STANDARD = gnu17;
				GCC_DYNAMIC_NO_PIC = NO;
				GCC_NO_COMMON_BLOCKS = YES;
				GCC_OPTIMIZATION_LEVEL = 0;
				GCC_PREPROCESSOR_DEFINITIONS = (
					"DEBUG=1",
					"$(inherited)",
				);
				GCC_WARN_64_TO_32_BIT_CONVERSION = YES;
				GCC_WARN_ABOUT_RETURN_TYPE = YES_ERROR;
				GCC_WARN_UNDECLARED_SELECTOR = YES;
				GCC_WARN_UNINITIALIZED_AUTOS = YES_AGGRESSIVE;
				GCC_WARN_UNUSED_FUNCTION = YES;
				GCC_WARN_UNUSED_VARIABLE = YES;
				IPHONEOS_DEPLOYMENT_TARGET = 17.4;
				LOCALIZATION_PREFERS_STRING_CATALOGS = YES;
				MTL_ENABLE_DEBUG_INFO = INCLUDE_SOURCE;
				MTL_FAST_MATH = YES;
				ONLY_ACTIVE_ARCH = YES;
				SDKROOT = iphoneos;
				SWIFT_ACTIVE_COMPILATION_CONDITIONS = "DEBUG $(inherited)";
				SWIFT_OPTIMIZATION_LEVEL = "-Onone";
			};
			name = Debug;
		};
		387C318E2BEE441700DEA413 /* Release */ = {
			isa = XCBuildConfiguration;
			buildSettings = {
				ALWAYS_SEARCH_USER_PATHS = NO;
				ASSETCATALOG_COMPILER_GENERATE_SWIFT_ASSET_SYMBOL_EXTENSIONS = YES;
				CLANG_ANALYZER_NONNULL = YES;
				CLANG_ANALYZER_NUMBER_OBJECT_CONVERSION = YES_AGGRESSIVE;
				CLANG_CXX_LANGUAGE_STANDARD = "gnu++20";
				CLANG_ENABLE_MODULES = YES;
				CLANG_ENABLE_OBJC_ARC = YES;
				CLANG_ENABLE_OBJC_WEAK = YES;
				CLANG_WARN_BLOCK_CAPTURE_AUTORELEASING = YES;
				CLANG_WARN_BOOL_CONVERSION = YES;
				CLANG_WARN_COMMA = YES;
				CLANG_WARN_CONSTANT_CONVERSION = YES;
				CLANG_WARN_DEPRECATED_OBJC_IMPLEMENTATIONS = YES;
				CLANG_WARN_DIRECT_OBJC_ISA_USAGE = YES_ERROR;
				CLANG_WARN_DOCUMENTATION_COMMENTS = YES;
				CLANG_WARN_EMPTY_BODY = YES;
				CLANG_WARN_ENUM_CONVERSION = YES;
				CLANG_WARN_INFINITE_RECURSION = YES;
				CLANG_WARN_INT_CONVERSION = YES;
				CLANG_WARN_NON_LITERAL_NULL_CONVERSION = YES;
				CLANG_WARN_OBJC_IMPLICIT_RETAIN_SELF = YES;
				CLANG_WARN_OBJC_LITERAL_CONVERSION = YES;
				CLANG_WARN_OBJC_ROOT_CLASS = YES_ERROR;
				CLANG_WARN_QUOTED_INCLUDE_IN_FRAMEWORK_HEADER = YES;
				CLANG_WARN_RANGE_LOOP_ANALYSIS = YES;
				CLANG_WARN_STRICT_PROTOTYPES = YES;
				CLANG_WARN_SUSPICIOUS_MOVE = YES;
				CLANG_WARN_UNGUARDED_AVAILABILITY = YES_AGGRESSIVE;
				CLANG_WARN_UNREACHABLE_CODE = YES;
				CLANG_WARN__DUPLICATE_METHOD_MATCH = YES;
				COPY_PHASE_STRIP = NO;
				DEBUG_INFORMATION_FORMAT = "dwarf-with-dsym";
				ENABLE_NS_ASSERTIONS = NO;
				ENABLE_STRICT_OBJC_MSGSEND = YES;
				ENABLE_USER_SCRIPT_SANDBOXING = YES;
				GCC_C_LANGUAGE_STANDARD = gnu17;
				GCC_NO_COMMON_BLOCKS = YES;
				GCC_WARN_64_TO_32_BIT_CONVERSION = YES;
				GCC_WARN_ABOUT_RETURN_TYPE = YES_ERROR;
				GCC_WARN_UNDECLARED_SELECTOR = YES;
				GCC_WARN_UNINITIALIZED_AUTOS = YES_AGGRESSIVE;
				GCC_WARN_UNUSED_FUNCTION = YES;
				GCC_WARN_UNUSED_VARIABLE = YES;
				IPHONEOS_DEPLOYMENT_TARGET = 17.4;
				LOCALIZATION_PREFERS_STRING_CATALOGS = YES;
				MTL_ENABLE_DEBUG_INFO = NO;
				MTL_FAST_MATH = YES;
				SDKROOT = iphoneos;
				SWIFT_COMPILATION_MODE = wholemodule;
				VALIDATE_PRODUCT = YES;
			};
			name = Release;
		};
		387C31902BEE441700DEA413 /* Debug */ = {
			isa = XCBuildConfiguration;
			buildSettings = {
				ASSETCATALOG_COMPILER_APPICON_NAME = AppIcon;
				ASSETCATALOG_COMPILER_GLOBAL_ACCENT_COLOR_NAME = AccentColor;
				CODE_SIGN_IDENTITY = "Apple Development";
				CODE_SIGN_STYLE = Automatic;
				CURRENT_PROJECT_VERSION = 1;
				DEVELOPMENT_TEAM = "";
				GENERATE_INFOPLIST_FILE = YES;
				INFOPLIST_FILE = SportsApp/Info.plist;
				INFOPLIST_KEY_UIApplicationSupportsIndirectInputEvents = YES;
				INFOPLIST_KEY_UILaunchStoryboardName = LaunchScreen;
				INFOPLIST_KEY_UIMainStoryboardFile = Main;
				INFOPLIST_KEY_UISupportedInterfaceOrientations_iPad = "UIInterfaceOrientationPortrait UIInterfaceOrientationPortraitUpsideDown UIInterfaceOrientationLandscapeLeft UIInterfaceOrientationLandscapeRight";
				INFOPLIST_KEY_UISupportedInterfaceOrientations_iPhone = "UIInterfaceOrientationPortrait UIInterfaceOrientationLandscapeLeft UIInterfaceOrientationLandscapeRight";
				LD_RUNPATH_SEARCH_PATHS = (
					"$(inherited)",
					"@executable_path/Frameworks",
				);
				MARKETING_VERSION = 1.0;
				PRODUCT_BUNDLE_IDENTIFIER = ITI.SportsApp;
				PRODUCT_NAME = "$(TARGET_NAME)";
				PROVISIONING_PROFILE_SPECIFIER = "";
				SWIFT_EMIT_LOC_STRINGS = YES;
				SWIFT_VERSION = 5.0;
				TARGETED_DEVICE_FAMILY = "1,2";
			};
			name = Debug;
		};
		387C31912BEE441700DEA413 /* Release */ = {
			isa = XCBuildConfiguration;
			buildSettings = {
				ASSETCATALOG_COMPILER_APPICON_NAME = AppIcon;
				ASSETCATALOG_COMPILER_GLOBAL_ACCENT_COLOR_NAME = AccentColor;
				CODE_SIGN_IDENTITY = "Apple Development";
				CODE_SIGN_STYLE = Automatic;
				CURRENT_PROJECT_VERSION = 1;
				DEVELOPMENT_TEAM = "";
				GENERATE_INFOPLIST_FILE = YES;
				INFOPLIST_FILE = SportsApp/Info.plist;
				INFOPLIST_KEY_UIApplicationSupportsIndirectInputEvents = YES;
				INFOPLIST_KEY_UILaunchStoryboardName = LaunchScreen;
				INFOPLIST_KEY_UIMainStoryboardFile = Main;
				INFOPLIST_KEY_UISupportedInterfaceOrientations_iPad = "UIInterfaceOrientationPortrait UIInterfaceOrientationPortraitUpsideDown UIInterfaceOrientationLandscapeLeft UIInterfaceOrientationLandscapeRight";
				INFOPLIST_KEY_UISupportedInterfaceOrientations_iPhone = "UIInterfaceOrientationPortrait UIInterfaceOrientationLandscapeLeft UIInterfaceOrientationLandscapeRight";
				LD_RUNPATH_SEARCH_PATHS = (
					"$(inherited)",
					"@executable_path/Frameworks",
				);
				MARKETING_VERSION = 1.0;
				PRODUCT_BUNDLE_IDENTIFIER = ITI.SportsApp;
				PRODUCT_NAME = "$(TARGET_NAME)";
				PROVISIONING_PROFILE_SPECIFIER = "";
				SWIFT_EMIT_LOC_STRINGS = YES;
				SWIFT_VERSION = 5.0;
				TARGETED_DEVICE_FAMILY = "1,2";
			};
			name = Release;
		};
		387C31932BEE441700DEA413 /* Debug */ = {
			isa = XCBuildConfiguration;
			buildSettings = {
				ALWAYS_EMBED_SWIFT_STANDARD_LIBRARIES = YES;
				BUNDLE_LOADER = "$(TEST_HOST)";
				CODE_SIGN_STYLE = Automatic;
				CURRENT_PROJECT_VERSION = 1;
				GENERATE_INFOPLIST_FILE = YES;
				IPHONEOS_DEPLOYMENT_TARGET = 17.4;
				MARKETING_VERSION = 1.0;
				PRODUCT_BUNDLE_IDENTIFIER = ITI.SportsAppTests;
				PRODUCT_NAME = "$(TARGET_NAME)";
				SWIFT_EMIT_LOC_STRINGS = NO;
				SWIFT_VERSION = 5.0;
				TARGETED_DEVICE_FAMILY = "1,2";
				TEST_HOST = "$(BUILT_PRODUCTS_DIR)/SportsApp.app/$(BUNDLE_EXECUTABLE_FOLDER_PATH)/SportsApp";
			};
			name = Debug;
		};
		387C31942BEE441700DEA413 /* Release */ = {
			isa = XCBuildConfiguration;
			buildSettings = {
				ALWAYS_EMBED_SWIFT_STANDARD_LIBRARIES = YES;
				BUNDLE_LOADER = "$(TEST_HOST)";
				CODE_SIGN_STYLE = Automatic;
				CURRENT_PROJECT_VERSION = 1;
				GENERATE_INFOPLIST_FILE = YES;
				IPHONEOS_DEPLOYMENT_TARGET = 17.4;
				MARKETING_VERSION = 1.0;
				PRODUCT_BUNDLE_IDENTIFIER = ITI.SportsAppTests;
				PRODUCT_NAME = "$(TARGET_NAME)";
				SWIFT_EMIT_LOC_STRINGS = NO;
				SWIFT_VERSION = 5.0;
				TARGETED_DEVICE_FAMILY = "1,2";
				TEST_HOST = "$(BUILT_PRODUCTS_DIR)/SportsApp.app/$(BUNDLE_EXECUTABLE_FOLDER_PATH)/SportsApp";
			};
			name = Release;
		};
		387C31962BEE441700DEA413 /* Debug */ = {
			isa = XCBuildConfiguration;
			buildSettings = {
				ALWAYS_EMBED_SWIFT_STANDARD_LIBRARIES = YES;
				CODE_SIGN_STYLE = Automatic;
				CURRENT_PROJECT_VERSION = 1;
				GENERATE_INFOPLIST_FILE = YES;
				MARKETING_VERSION = 1.0;
				PRODUCT_BUNDLE_IDENTIFIER = ITI.SportsAppUITests;
				PRODUCT_NAME = "$(TARGET_NAME)";
				SWIFT_EMIT_LOC_STRINGS = NO;
				SWIFT_VERSION = 5.0;
				TARGETED_DEVICE_FAMILY = "1,2";
				TEST_TARGET_NAME = SportsApp;
			};
			name = Debug;
		};
		387C31972BEE441700DEA413 /* Release */ = {
			isa = XCBuildConfiguration;
			buildSettings = {
				ALWAYS_EMBED_SWIFT_STANDARD_LIBRARIES = YES;
				CODE_SIGN_STYLE = Automatic;
				CURRENT_PROJECT_VERSION = 1;
				GENERATE_INFOPLIST_FILE = YES;
				MARKETING_VERSION = 1.0;
				PRODUCT_BUNDLE_IDENTIFIER = ITI.SportsAppUITests;
				PRODUCT_NAME = "$(TARGET_NAME)";
				SWIFT_EMIT_LOC_STRINGS = NO;
				SWIFT_VERSION = 5.0;
				TARGETED_DEVICE_FAMILY = "1,2";
				TEST_TARGET_NAME = SportsApp;
			};
			name = Release;
		};
/* End XCBuildConfiguration section */

/* Begin XCConfigurationList section */
		387C31602BEE441300DEA413 /* Build configuration list for PBXProject "SportsApp" */ = {
			isa = XCConfigurationList;
			buildConfigurations = (
				387C318D2BEE441700DEA413 /* Debug */,
				387C318E2BEE441700DEA413 /* Release */,
			);
			defaultConfigurationIsVisible = 0;
			defaultConfigurationName = Release;
		};
		387C318F2BEE441700DEA413 /* Build configuration list for PBXNativeTarget "SportsApp" */ = {
			isa = XCConfigurationList;
			buildConfigurations = (
				387C31902BEE441700DEA413 /* Debug */,
				387C31912BEE441700DEA413 /* Release */,
			);
			defaultConfigurationIsVisible = 0;
			defaultConfigurationName = Release;
		};
		387C31922BEE441700DEA413 /* Build configuration list for PBXNativeTarget "SportsAppTests" */ = {
			isa = XCConfigurationList;
			buildConfigurations = (
				387C31932BEE441700DEA413 /* Debug */,
				387C31942BEE441700DEA413 /* Release */,
			);
			defaultConfigurationIsVisible = 0;
			defaultConfigurationName = Release;
		};
		387C31952BEE441700DEA413 /* Build configuration list for PBXNativeTarget "SportsAppUITests" */ = {
			isa = XCConfigurationList;
			buildConfigurations = (
				387C31962BEE441700DEA413 /* Debug */,
				387C31972BEE441700DEA413 /* Release */,
			);
			defaultConfigurationIsVisible = 0;
			defaultConfigurationName = Release;
		};
/* End XCConfigurationList section */
	};
	rootObject = 387C315D2BEE441300DEA413 /* Project object */;
}
