// !$*UTF8*$!
{
	archiveVersion = 1;
	classes = {
	};
	objectVersion = 60;
	objects = {

/* Begin PBXBuildFile section */
		380F9ED72BF012BB00F0713E /* UpcomingEventsCollectionViewCell.swift in Sources */ = {isa = PBXBuildFile; fileRef = 380F9ED62BF012BB00F0713E /* UpcomingEventsCollectionViewCell.swift */; };
		380F9F6F2BF119BC00F0713E /* SportCollectionViewCustomCell.swift in Sources */ = {isa = PBXBuildFile; fileRef = 380F9F6E2BF119BC00F0713E /* SportCollectionViewCustomCell.swift */; };
		380F9F712BF11AEC00F0713E /* LeaguesDetailsViewController.swift in Sources */ = {isa = PBXBuildFile; fileRef = 380F9F702BF11AEC00F0713E /* LeaguesDetailsViewController.swift */; };
		380F9F732BF11B5B00F0713E /* MyHeaderView.swift in Sources */ = {isa = PBXBuildFile; fileRef = 380F9F722BF11B5B00F0713E /* MyHeaderView.swift */; };
		380F9F752BF11BB700F0713E /* LatestResultsCollectionViewCell.swift in Sources */ = {isa = PBXBuildFile; fileRef = 380F9F742BF11BB700F0713E /* LatestResultsCollectionViewCell.swift */; };
		380F9F772BF11BFC00F0713E /* LeagueTeamCollectionViewCell.swift in Sources */ = {isa = PBXBuildFile; fileRef = 380F9F762BF11BFC00F0713E /* LeagueTeamCollectionViewCell.swift */; };
		380F9F7B2BF134D000F0713E /* EventData.swift in Sources */ = {isa = PBXBuildFile; fileRef = 380F9F7A2BF134D000F0713E /* EventData.swift */; };
		380F9F7D2BF134F000F0713E /* Event.swift in Sources */ = {isa = PBXBuildFile; fileRef = 380F9F7C2BF134F000F0713E /* Event.swift */; };
		380F9F7F2BF13C6700F0713E /* LeaguesDetailsViewModel.swift in Sources */ = {isa = PBXBuildFile; fileRef = 380F9F7E2BF13C6700F0713E /* LeaguesDetailsViewModel.swift */; };
		380F9F812BF13CAB00F0713E /* LeaguesDetailsViewModelProtocol.swift in Sources */ = {isa = PBXBuildFile; fileRef = 380F9F802BF13CAB00F0713E /* LeaguesDetailsViewModelProtocol.swift */; };
		382D74242BF5E86E00B3388B /* SportsAppExpectedTesting.swift in Sources */ = {isa = PBXBuildFile; fileRef = 382D74232BF5E86E00B3388B /* SportsAppExpectedTesting.swift */; };
		38683E102BF185DC0098036B /* SportData.swift in Sources */ = {isa = PBXBuildFile; fileRef = 38683E0F2BF185DC0098036B /* SportData.swift */; };
		38683E122BF1862E0098036B /* HomeViewModel.swift in Sources */ = {isa = PBXBuildFile; fileRef = 38683E112BF1862E0098036B /* HomeViewModel.swift */; };
		38683E622BF296E10098036B /* FavouriteSportsDataSource.swift in Sources */ = {isa = PBXBuildFile; fileRef = 38683E612BF296E10098036B /* FavouriteSportsDataSource.swift */; };
		38683EB22BF3BC580098036B /* TeamData.swift in Sources */ = {isa = PBXBuildFile; fileRef = 38683EB12BF3BC580098036B /* TeamData.swift */; };
		38683EB62BF3CFD50098036B /* TeamDetailViewModel.swift in Sources */ = {isa = PBXBuildFile; fileRef = 38683EB52BF3CFD50098036B /* TeamDetailViewModel.swift */; };
		38683EB82BF3D1990098036B /* TeamDetailsViewModelProtocol.swift in Sources */ = {isa = PBXBuildFile; fileRef = 38683EB72BF3D1990098036B /* TeamDetailsViewModelProtocol.swift */; };
		38683EBA2BF3F09A0098036B /* TeamDetails.swift in Sources */ = {isa = PBXBuildFile; fileRef = 38683EB92BF3F09A0098036B /* TeamDetails.swift */; };
		38683EBC2BF3FE070098036B /* TeamDetailsViewController.swift in Sources */ = {isa = PBXBuildFile; fileRef = 38683EBB2BF3FE070098036B /* TeamDetailsViewController.swift */; };
		3874A3D52BF6525000026A95 /* SportsApp.xcdatamodeld in Sources */ = {isa = PBXBuildFile; fileRef = 3874A3D32BF6525000026A95 /* SportsApp.xcdatamodeld */; };
		3874A3D72BF6660400026A95 /* left.png in Resources */ = {isa = PBXBuildFile; fileRef = 3874A3D62BF6660400026A95 /* left.png */; };
		387C31692BEE441300DEA413 /* AppDelegate.swift in Sources */ = {isa = PBXBuildFile; fileRef = 387C31682BEE441300DEA413 /* AppDelegate.swift */; };
		387C316B2BEE441300DEA413 /* SceneDelegate.swift in Sources */ = {isa = PBXBuildFile; fileRef = 387C316A2BEE441300DEA413 /* SceneDelegate.swift */; };
		387C316D2BEE441300DEA413 /* ViewController.swift in Sources */ = {isa = PBXBuildFile; fileRef = 387C316C2BEE441300DEA413 /* ViewController.swift */; };
		387C31702BEE441300DEA413 /* Base in Resources */ = {isa = PBXBuildFile; fileRef = 387C316F2BEE441300DEA413 /* Base */; };
		387C31722BEE441600DEA413 /* Assets.xcassets in Resources */ = {isa = PBXBuildFile; fileRef = 387C31712BEE441600DEA413 /* Assets.xcassets */; };
		387C31752BEE441600DEA413 /* Base in Resources */ = {isa = PBXBuildFile; fileRef = 387C31742BEE441600DEA413 /* Base */; };
		387C31802BEE441600DEA413 /* SportsAppTests.swift in Sources */ = {isa = PBXBuildFile; fileRef = 387C317F2BEE441600DEA413 /* SportsAppTests.swift */; };
		387C318A2BEE441600DEA413 /* SportsAppUITests.swift in Sources */ = {isa = PBXBuildFile; fileRef = 387C31892BEE441600DEA413 /* SportsAppUITests.swift */; };
		387C318C2BEE441600DEA413 /* SportsAppUITestsLaunchTests.swift in Sources */ = {isa = PBXBuildFile; fileRef = 387C318B2BEE441600DEA413 /* SportsAppUITestsLaunchTests.swift */; };
		387C319B2BEE5FDE00DEA413 /* HomeCollectionViewController.swift in Sources */ = {isa = PBXBuildFile; fileRef = 387C319A2BEE5FDE00DEA413 /* HomeCollectionViewController.swift */; };
		387C319F2BEE709500DEA413 /* FlowLayout.swift in Sources */ = {isa = PBXBuildFile; fileRef = 387C319E2BEE709500DEA413 /* FlowLayout.swift */; };
		38C932E22BF668410040CBD0 /* leftArrow.png in Resources */ = {isa = PBXBuildFile; fileRef = 38C932E12BF668410040CBD0 /* leftArrow.png */; };
		D3A5EE572BF111F5006741B6 /* LeaguesViewModelProtocol.swift in Sources */ = {isa = PBXBuildFile; fileRef = D3A5EE562BF111F5006741B6 /* LeaguesViewModelProtocol.swift */; };
		D3A5EE592BF1123C006741B6 /* LeaguesViewModel.swift in Sources */ = {isa = PBXBuildFile; fileRef = D3A5EE582BF1123C006741B6 /* LeaguesViewModel.swift */; };
		D3A5EE5B2BF1126A006741B6 /* LeagueData.swift in Sources */ = {isa = PBXBuildFile; fileRef = D3A5EE5A2BF1126A006741B6 /* LeagueData.swift */; };
		D3A5EE5D2BF112A9006741B6 /* League.swift in Sources */ = {isa = PBXBuildFile; fileRef = D3A5EE5C2BF112A9006741B6 /* League.swift */; };
		D3A5EE5F2BF11366006741B6 /* NetworkHandler.swift in Sources */ = {isa = PBXBuildFile; fileRef = D3A5EE5E2BF11366006741B6 /* NetworkHandler.swift */; };
		D3A806462BF610E800E1C61D /* MockNetworkHandler.swift in Sources */ = {isa = PBXBuildFile; fileRef = D3A806452BF610E800E1C61D /* MockNetworkHandler.swift */; };
		D3AA8CA52BF4C57800861ED2 /* FavViewModel.swift in Sources */ = {isa = PBXBuildFile; fileRef = D3AA8CA42BF4C57800861ED2 /* FavViewModel.swift */; };
		D3AA8CA82BF4C5AC00861ED2 /* Reachability in Frameworks */ = {isa = PBXBuildFile; productRef = D3AA8CA72BF4C5AC00861ED2 /* Reachability */; };
		D3AA8CAA2BF4C5BA00861ED2 /* SharedLeagueDataViewModelProtocol.swift in Sources */ = {isa = PBXBuildFile; fileRef = D3AA8CA92BF4C5BA00861ED2 /* SharedLeagueDataViewModelProtocol.swift */; };
		D3AAB20C2BF019800030C7E4 /* Alamofire in Frameworks */ = {isa = PBXBuildFile; productRef = D3AAB20B2BF019800030C7E4 /* Alamofire */; };
		D3AAB20E2BF019800030C7E4 /* AlamofireDynamic in Frameworks */ = {isa = PBXBuildFile; productRef = D3AAB20D2BF019800030C7E4 /* AlamofireDynamic */; };
		D3AAB2182BF01BDD0030C7E4 /* Kingfisher in Frameworks */ = {isa = PBXBuildFile; productRef = D3AAB2172BF01BDD0030C7E4 /* Kingfisher */; };
		D3BD9EB82BF015AE0059DCDA /* NetworkHandlerProtocol.swift in Sources */ = {isa = PBXBuildFile; fileRef = D3BD9EB72BF015AE0059DCDA /* NetworkHandlerProtocol.swift */; };
		D3D40B142BEF8F2B00F88FC8 /* LeaguesTableViewController.swift in Sources */ = {isa = PBXBuildFile; fileRef = D3D40B132BEF8F2B00F88FC8 /* LeaguesTableViewController.swift */; };
		D3D40B172BEF8F6700F88FC8 /* LeaguesTableViewCell.swift in Sources */ = {isa = PBXBuildFile; fileRef = D3D40B152BEF8F6700F88FC8 /* LeaguesTableViewCell.swift */; };
		D3D40B182BEF8F6700F88FC8 /* LeaguesTableViewCell.xib in Resources */ = {isa = PBXBuildFile; fileRef = D3D40B162BEF8F6700F88FC8 /* LeaguesTableViewCell.xib */; };
		D3D40B1F2BEF90A800F88FC8 /* PlayerCollectionViewCell.swift in Sources */ = {isa = PBXBuildFile; fileRef = D3D40B1E2BEF90A800F88FC8 /* PlayerCollectionViewCell.swift */; };
		D3D40B242BEF91B300F88FC8 /* FavoriteTableViewController.swift in Sources */ = {isa = PBXBuildFile; fileRef = D3D40B232BEF91B300F88FC8 /* FavoriteTableViewController.swift */; };
/* End PBXBuildFile section */

/* Begin PBXContainerItemProxy section */
		387C317C2BEE441600DEA413 /* PBXContainerItemProxy */ = {
			isa = PBXContainerItemProxy;
			containerPortal = 387C315D2BEE441300DEA413 /* Project object */;
			proxyType = 1;
			remoteGlobalIDString = 387C31642BEE441300DEA413;
			remoteInfo = SportsApp;
		};
		387C31862BEE441600DEA413 /* PBXContainerItemProxy */ = {
			isa = PBXContainerItemProxy;
			containerPortal = 387C315D2BEE441300DEA413 /* Project object */;
			proxyType = 1;
			remoteGlobalIDString = 387C31642BEE441300DEA413;
			remoteInfo = SportsApp;
		};
/* End PBXContainerItemProxy section */

/* Begin PBXFileReference section */
		380F9ED62BF012BB00F0713E /* UpcomingEventsCollectionViewCell.swift */ = {isa = PBXFileReference; lastKnownFileType = sourcecode.swift; path = UpcomingEventsCollectionViewCell.swift; sourceTree = "<group>"; };
		380F9F6E2BF119BC00F0713E /* SportCollectionViewCustomCell.swift */ = {isa = PBXFileReference; lastKnownFileType = sourcecode.swift; path = SportCollectionViewCustomCell.swift; sourceTree = "<group>"; };
		380F9F702BF11AEC00F0713E /* LeaguesDetailsViewController.swift */ = {isa = PBXFileReference; lastKnownFileType = sourcecode.swift; path = LeaguesDetailsViewController.swift; sourceTree = "<group>"; };
		380F9F722BF11B5B00F0713E /* MyHeaderView.swift */ = {isa = PBXFileReference; lastKnownFileType = sourcecode.swift; path = MyHeaderView.swift; sourceTree = "<group>"; };
		380F9F742BF11BB700F0713E /* LatestResultsCollectionViewCell.swift */ = {isa = PBXFileReference; lastKnownFileType = sourcecode.swift; path = LatestResultsCollectionViewCell.swift; sourceTree = "<group>"; };
		380F9F762BF11BFC00F0713E /* LeagueTeamCollectionViewCell.swift */ = {isa = PBXFileReference; lastKnownFileType = sourcecode.swift; path = LeagueTeamCollectionViewCell.swift; sourceTree = "<group>"; };
		380F9F7A2BF134D000F0713E /* EventData.swift */ = {isa = PBXFileReference; lastKnownFileType = sourcecode.swift; path = EventData.swift; sourceTree = "<group>"; };
		380F9F7C2BF134F000F0713E /* Event.swift */ = {isa = PBXFileReference; lastKnownFileType = sourcecode.swift; path = Event.swift; sourceTree = "<group>"; };
		380F9F7E2BF13C6700F0713E /* LeaguesDetailsViewModel.swift */ = {isa = PBXFileReference; lastKnownFileType = sourcecode.swift; path = LeaguesDetailsViewModel.swift; sourceTree = "<group>"; };
		380F9F802BF13CAB00F0713E /* LeaguesDetailsViewModelProtocol.swift */ = {isa = PBXFileReference; lastKnownFileType = sourcecode.swift; path = LeaguesDetailsViewModelProtocol.swift; sourceTree = "<group>"; };
		382D74232BF5E86E00B3388B /* SportsAppExpectedTesting.swift */ = {isa = PBXFileReference; lastKnownFileType = sourcecode.swift; path = SportsAppExpectedTesting.swift; sourceTree = "<group>"; };
		38683E0F2BF185DC0098036B /* SportData.swift */ = {isa = PBXFileReference; lastKnownFileType = sourcecode.swift; path = SportData.swift; sourceTree = "<group>"; };
		38683E112BF1862E0098036B /* HomeViewModel.swift */ = {isa = PBXFileReference; lastKnownFileType = sourcecode.swift; path = HomeViewModel.swift; sourceTree = "<group>"; };
		38683E612BF296E10098036B /* FavouriteSportsDataSource.swift */ = {isa = PBXFileReference; lastKnownFileType = sourcecode.swift; path = FavouriteSportsDataSource.swift; sourceTree = "<group>"; };
		38683EB12BF3BC580098036B /* TeamData.swift */ = {isa = PBXFileReference; lastKnownFileType = sourcecode.swift; path = TeamData.swift; sourceTree = "<group>"; };
		38683EB52BF3CFD50098036B /* TeamDetailViewModel.swift */ = {isa = PBXFileReference; lastKnownFileType = sourcecode.swift; path = TeamDetailViewModel.swift; sourceTree = "<group>"; };
		38683EB72BF3D1990098036B /* TeamDetailsViewModelProtocol.swift */ = {isa = PBXFileReference; lastKnownFileType = sourcecode.swift; path = TeamDetailsViewModelProtocol.swift; sourceTree = "<group>"; };
		38683EB92BF3F09A0098036B /* TeamDetails.swift */ = {isa = PBXFileReference; lastKnownFileType = sourcecode.swift; path = TeamDetails.swift; sourceTree = "<group>"; };
		38683EBB2BF3FE070098036B /* TeamDetailsViewController.swift */ = {isa = PBXFileReference; lastKnownFileType = sourcecode.swift; path = TeamDetailsViewController.swift; sourceTree = "<group>"; };
		3874A3D42BF6525000026A95 /* SportsApp.xcdatamodel */ = {isa = PBXFileReference; lastKnownFileType = wrapper.xcdatamodel; path = SportsApp.xcdatamodel; sourceTree = "<group>"; };
		3874A3D62BF6660400026A95 /* left.png */ = {isa = PBXFileReference; lastKnownFileType = image.png; name = left.png; path = ../../../../../../Downloads/left.png; sourceTree = "<group>"; };
		3874A3D82BF6660800026A95 /* left.png */ = {isa = PBXFileReference; lastKnownFileType = image.png; path = left.png; sourceTree = "<group>"; };
		387C31652BEE441300DEA413 /* SportsApp.app */ = {isa = PBXFileReference; explicitFileType = wrapper.application; includeInIndex = 0; path = SportsApp.app; sourceTree = BUILT_PRODUCTS_DIR; };
		387C31682BEE441300DEA413 /* AppDelegate.swift */ = {isa = PBXFileReference; lastKnownFileType = sourcecode.swift; path = AppDelegate.swift; sourceTree = "<group>"; };
		387C316A2BEE441300DEA413 /* SceneDelegate.swift */ = {isa = PBXFileReference; lastKnownFileType = sourcecode.swift; path = SceneDelegate.swift; sourceTree = "<group>"; };
		387C316C2BEE441300DEA413 /* ViewController.swift */ = {isa = PBXFileReference; lastKnownFileType = sourcecode.swift; path = ViewController.swift; sourceTree = "<group>"; };
		387C316F2BEE441300DEA413 /* Base */ = {isa = PBXFileReference; lastKnownFileType = file.storyboard; name = Base; path = Base.lproj/Main.storyboard; sourceTree = "<group>"; };
		387C31712BEE441600DEA413 /* Assets.xcassets */ = {isa = PBXFileReference; lastKnownFileType = folder.assetcatalog; path = Assets.xcassets; sourceTree = "<group>"; };
		387C31742BEE441600DEA413 /* Base */ = {isa = PBXFileReference; lastKnownFileType = file.storyboard; name = Base; path = Base.lproj/LaunchScreen.storyboard; sourceTree = "<group>"; };
		387C31762BEE441600DEA413 /* Info.plist */ = {isa = PBXFileReference; lastKnownFileType = text.plist.xml; path = Info.plist; sourceTree = "<group>"; };
		387C317B2BEE441600DEA413 /* SportsAppTests.xctest */ = {isa = PBXFileReference; explicitFileType = wrapper.cfbundle; includeInIndex = 0; path = SportsAppTests.xctest; sourceTree = BUILT_PRODUCTS_DIR; };
		387C317F2BEE441600DEA413 /* SportsAppTests.swift */ = {isa = PBXFileReference; lastKnownFileType = sourcecode.swift; path = SportsAppTests.swift; sourceTree = "<group>"; };
		387C31852BEE441600DEA413 /* SportsAppUITests.xctest */ = {isa = PBXFileReference; explicitFileType = wrapper.cfbundle; includeInIndex = 0; path = SportsAppUITests.xctest; sourceTree = BUILT_PRODUCTS_DIR; };
		387C31892BEE441600DEA413 /* SportsAppUITests.swift */ = {isa = PBXFileReference; lastKnownFileType = sourcecode.swift; path = SportsAppUITests.swift; sourceTree = "<group>"; };
		387C318B2BEE441600DEA413 /* SportsAppUITestsLaunchTests.swift */ = {isa = PBXFileReference; lastKnownFileType = sourcecode.swift; path = SportsAppUITestsLaunchTests.swift; sourceTree = "<group>"; };
		387C319A2BEE5FDE00DEA413 /* HomeCollectionViewController.swift */ = {isa = PBXFileReference; lastKnownFileType = sourcecode.swift; path = HomeCollectionViewController.swift; sourceTree = "<group>"; };
		387C319E2BEE709500DEA413 /* FlowLayout.swift */ = {isa = PBXFileReference; lastKnownFileType = sourcecode.swift; path = FlowLayout.swift; sourceTree = "<group>"; };
		38C932E12BF668410040CBD0 /* leftArrow.png */ = {isa = PBXFileReference; lastKnownFileType = image.png; name = leftArrow.png; path = ../../../../Downloads/leftArrow.png; sourceTree = "<group>"; };
		D3A5EE562BF111F5006741B6 /* LeaguesViewModelProtocol.swift */ = {isa = PBXFileReference; lastKnownFileType = sourcecode.swift; path = LeaguesViewModelProtocol.swift; sourceTree = "<group>"; };
		D3A5EE582BF1123C006741B6 /* LeaguesViewModel.swift */ = {isa = PBXFileReference; lastKnownFileType = sourcecode.swift; path = LeaguesViewModel.swift; sourceTree = "<group>"; };
		D3A5EE5A2BF1126A006741B6 /* LeagueData.swift */ = {isa = PBXFileReference; lastKnownFileType = sourcecode.swift; path = LeagueData.swift; sourceTree = "<group>"; };
		D3A5EE5C2BF112A9006741B6 /* League.swift */ = {isa = PBXFileReference; lastKnownFileType = sourcecode.swift; path = League.swift; sourceTree = "<group>"; };
		D3A5EE5E2BF11366006741B6 /* NetworkHandler.swift */ = {isa = PBXFileReference; lastKnownFileType = sourcecode.swift; path = NetworkHandler.swift; sourceTree = "<group>"; };
		D3A806452BF610E800E1C61D /* MockNetworkHandler.swift */ = {isa = PBXFileReference; lastKnownFileType = sourcecode.swift; path = MockNetworkHandler.swift; sourceTree = "<group>"; };
		D3AA8CA42BF4C57800861ED2 /* FavViewModel.swift */ = {isa = PBXFileReference; lastKnownFileType = sourcecode.swift; path = FavViewModel.swift; sourceTree = "<group>"; };
		D3AA8CA92BF4C5BA00861ED2 /* SharedLeagueDataViewModelProtocol.swift */ = {isa = PBXFileReference; lastKnownFileType = sourcecode.swift; path = SharedLeagueDataViewModelProtocol.swift; sourceTree = "<group>"; };
		D3BD9EB72BF015AE0059DCDA /* NetworkHandlerProtocol.swift */ = {isa = PBXFileReference; lastKnownFileType = sourcecode.swift; path = NetworkHandlerProtocol.swift; sourceTree = "<group>"; };
		D3D40B132BEF8F2B00F88FC8 /* LeaguesTableViewController.swift */ = {isa = PBXFileReference; lastKnownFileType = sourcecode.swift; path = LeaguesTableViewController.swift; sourceTree = "<group>"; };
		D3D40B152BEF8F6700F88FC8 /* LeaguesTableViewCell.swift */ = {isa = PBXFileReference; lastKnownFileType = sourcecode.swift; path = LeaguesTableViewCell.swift; sourceTree = "<group>"; };
		D3D40B162BEF8F6700F88FC8 /* LeaguesTableViewCell.xib */ = {isa = PBXFileReference; lastKnownFileType = file.xib; path = LeaguesTableViewCell.xib; sourceTree = "<group>"; };
		D3D40B1E2BEF90A800F88FC8 /* PlayerCollectionViewCell.swift */ = {isa = PBXFileReference; lastKnownFileType = sourcecode.swift; path = PlayerCollectionViewCell.swift; sourceTree = "<group>"; };
		D3D40B232BEF91B300F88FC8 /* FavoriteTableViewController.swift */ = {isa = PBXFileReference; lastKnownFileType = sourcecode.swift; path = FavoriteTableViewController.swift; sourceTree = "<group>"; };
/* End PBXFileReference section */

/* Begin PBXFrameworksBuildPhase section */
		387C31622BEE441300DEA413 /* Frameworks */ = {
			isa = PBXFrameworksBuildPhase;
			buildActionMask = 2147483647;
			files = (
				D3AAB2182BF01BDD0030C7E4 /* Kingfisher in Frameworks */,
				D3AA8CA82BF4C5AC00861ED2 /* Reachability in Frameworks */,
				D3AAB20C2BF019800030C7E4 /* Alamofire in Frameworks */,
				D3AAB20E2BF019800030C7E4 /* AlamofireDynamic in Frameworks */,
			);
			runOnlyForDeploymentPostprocessing = 0;
		};
		387C31782BEE441600DEA413 /* Frameworks */ = {
			isa = PBXFrameworksBuildPhase;
			buildActionMask = 2147483647;
			files = (
			);
			runOnlyForDeploymentPostprocessing = 0;
		};
		387C31822BEE441600DEA413 /* Frameworks */ = {
			isa = PBXFrameworksBuildPhase;
			buildActionMask = 2147483647;
			files = (
			);
			runOnlyForDeploymentPostprocessing = 0;
		};
/* End PBXFrameworksBuildPhase section */

/* Begin PBXGroup section */
		380F9ED22BEFBAEB00F0713E /* LeaguesDetails */ = {
			isa = PBXGroup;
			children = (
				380F9F782BF11D5B00F0713E /* Model */,
				380F9F792BF11D6C00F0713E /* ViewModel */,
				380F9ED32BEFBB0100F0713E /* View */,
			);
			path = LeaguesDetails;
			sourceTree = "<group>";
		};
		380F9ED32BEFBB0100F0713E /* View */ = {
			isa = PBXGroup;
			children = (
				380F9ED62BF012BB00F0713E /* UpcomingEventsCollectionViewCell.swift */,
				380F9F702BF11AEC00F0713E /* LeaguesDetailsViewController.swift */,
				380F9F722BF11B5B00F0713E /* MyHeaderView.swift */,
				380F9F742BF11BB700F0713E /* LatestResultsCollectionViewCell.swift */,
				380F9F762BF11BFC00F0713E /* LeagueTeamCollectionViewCell.swift */,
			);
			path = View;
			sourceTree = "<group>";
		};
		380F9F782BF11D5B00F0713E /* Model */ = {
			isa = PBXGroup;
			children = (
				38683EB12BF3BC580098036B /* TeamData.swift */,
				380F9F7A2BF134D000F0713E /* EventData.swift */,
				380F9F7C2BF134F000F0713E /* Event.swift */,
			);
			path = Model;
			sourceTree = "<group>";
		};
		380F9F792BF11D6C00F0713E /* ViewModel */ = {
			isa = PBXGroup;
			children = (
				380F9F7E2BF13C6700F0713E /* LeaguesDetailsViewModel.swift */,
				380F9F802BF13CAB00F0713E /* LeaguesDetailsViewModelProtocol.swift */,
			);
			path = ViewModel;
			sourceTree = "<group>";
		};
		38683E0C2BF185730098036B /* View */ = {
			isa = PBXGroup;
			children = (
				387C319A2BEE5FDE00DEA413 /* HomeCollectionViewController.swift */,
				380F9F6E2BF119BC00F0713E /* SportCollectionViewCustomCell.swift */,
				387C319E2BEE709500DEA413 /* FlowLayout.swift */,
			);
			path = View;
			sourceTree = "<group>";
		};
		38683E0D2BF185840098036B /* Model */ = {
			isa = PBXGroup;
			children = (
				38683E0F2BF185DC0098036B /* SportData.swift */,
			);
			path = Model;
			sourceTree = "<group>";
		};
		38683E0E2BF185900098036B /* ViewModel */ = {
			isa = PBXGroup;
			children = (
				38683E112BF1862E0098036B /* HomeViewModel.swift */,
			);
			path = ViewModel;
			sourceTree = "<group>";
		};
		38683E5E2BF296080098036B /* Models */ = {
			isa = PBXGroup;
			children = (
				38683E602BF296660098036B /* Model */,
				38683E5F2BF296130098036B /* db */,
			);
			path = Models;
			sourceTree = "<group>";
		};
		38683E5F2BF296130098036B /* db */ = {
			isa = PBXGroup;
			children = (
				38683E612BF296E10098036B /* FavouriteSportsDataSource.swift */,
			);
			path = db;
			sourceTree = "<group>";
		};
		38683E602BF296660098036B /* Model */ = {
			isa = PBXGroup;
			children = (
				D3A5EE5C2BF112A9006741B6 /* League.swift */,
				D3A5EE5A2BF1126A006741B6 /* LeagueData.swift */,
			);
			path = Model;
			sourceTree = "<group>";
		};
		38683EB32BF3CEB10098036B /* Model */ = {
			isa = PBXGroup;
			children = (
				38683EB92BF3F09A0098036B /* TeamDetails.swift */,
			);
			path = Model;
			sourceTree = "<group>";
		};
		38683EB42BF3CEBF0098036B /* ViewModel */ = {
			isa = PBXGroup;
			children = (
				38683EB52BF3CFD50098036B /* TeamDetailViewModel.swift */,
				38683EB72BF3D1990098036B /* TeamDetailsViewModelProtocol.swift */,
			);
			path = ViewModel;
			sourceTree = "<group>";
		};
		387C315C2BEE441300DEA413 = {
			isa = PBXGroup;
			children = (
				387C31672BEE441300DEA413 /* SportsApp */,
				387C317E2BEE441600DEA413 /* SportsAppTests */,
				387C31882BEE441600DEA413 /* SportsAppUITests */,
				387C31662BEE441300DEA413 /* Products */,
			);
			sourceTree = "<group>";
		};
		387C31662BEE441300DEA413 /* Products */ = {
			isa = PBXGroup;
			children = (
				387C31652BEE441300DEA413 /* SportsApp.app */,
				387C317B2BEE441600DEA413 /* SportsAppTests.xctest */,
				387C31852BEE441600DEA413 /* SportsAppUITests.xctest */,
			);
			name = Products;
			sourceTree = "<group>";
		};
		387C31672BEE441300DEA413 /* SportsApp */ = {
			isa = PBXGroup;
			children = (
				38683E5E2BF296080098036B /* Models */,
				D3BD9EB32BF015820059DCDA /* Services */,
				D3D40B0D2BEF8E7C00F88FC8 /* views */,
				387C31B22BEF641D00DEA413 /* modules */,
				387C31682BEE441300DEA413 /* AppDelegate.swift */,
				387C316A2BEE441300DEA413 /* SceneDelegate.swift */,
				387C316C2BEE441300DEA413 /* ViewController.swift */,
				387C316E2BEE441300DEA413 /* Main.storyboard */,
				387C31712BEE441600DEA413 /* Assets.xcassets */,
				38C932E12BF668410040CBD0 /* leftArrow.png */,
				3874A3D82BF6660800026A95 /* left.png */,
				387C31732BEE441600DEA413 /* LaunchScreen.storyboard */,
				387C31762BEE441600DEA413 /* Info.plist */,
				3874A3D32BF6525000026A95 /* SportsApp.xcdatamodeld */,
			);
			path = SportsApp;
			sourceTree = "<group>";
		};
		387C317E2BEE441600DEA413 /* SportsAppTests */ = {
			isa = PBXGroup;
			children = (
				387C317F2BEE441600DEA413 /* SportsAppTests.swift */,
				382D74232BF5E86E00B3388B /* SportsAppExpectedTesting.swift */,
				D3A806452BF610E800E1C61D /* MockNetworkHandler.swift */,
			);
			path = SportsAppTests;
			sourceTree = "<group>";
		};
		387C31882BEE441600DEA413 /* SportsAppUITests */ = {
			isa = PBXGroup;
			children = (
				387C31892BEE441600DEA413 /* SportsAppUITests.swift */,
				387C318B2BEE441600DEA413 /* SportsAppUITestsLaunchTests.swift */,
			);
			path = SportsAppUITests;
			sourceTree = "<group>";
		};
		387C31B22BEF641D00DEA413 /* modules */ = {
			isa = PBXGroup;
			children = (
				380F9ED22BEFBAEB00F0713E /* LeaguesDetails */,
				D3D40B0C2BEF8E4300F88FC8 /* lengueList */,
				D3D40B0B2BEF8E3300F88FC8 /* teamDetails */,
				D3D40B0A2BEF8E0E00F88FC8 /* favorite */,
				387C31B32BEF642800DEA413 /* home */,
			);
			path = modules;
			sourceTree = "<group>";
		};
		387C31B32BEF642800DEA413 /* home */ = {
			isa = PBXGroup;
			children = (
				3874A3D62BF6660400026A95 /* left.png */,
				38683E0E2BF185900098036B /* ViewModel */,
				38683E0D2BF185840098036B /* Model */,
				38683E0C2BF185730098036B /* View */,
			);
			path = home;
			sourceTree = "<group>";
		};
		D3AA8CA32BF4C53200861ED2 /* viewModel */ = {
			isa = PBXGroup;
			children = (
				D3AA8CA42BF4C57800861ED2 /* FavViewModel.swift */,
				D3AA8CA92BF4C5BA00861ED2 /* SharedLeagueDataViewModelProtocol.swift */,
			);
			path = viewModel;
			sourceTree = "<group>";
		};
		D3BD9EB32BF015820059DCDA /* Services */ = {
			isa = PBXGroup;
			children = (
				D3BD9EB42BF0158A0059DCDA /* Network */,
			);
			path = Services;
			sourceTree = "<group>";
		};
		D3BD9EB42BF0158A0059DCDA /* Network */ = {
			isa = PBXGroup;
			children = (
				D3A5EE5E2BF11366006741B6 /* NetworkHandler.swift */,
				D3BD9EB72BF015AE0059DCDA /* NetworkHandlerProtocol.swift */,
			);
			path = Network;
			sourceTree = "<group>";
		};
		D3D40B0A2BEF8E0E00F88FC8 /* favorite */ = {
			isa = PBXGroup;
			children = (
				D3AA8CA32BF4C53200861ED2 /* viewModel */,
				D3D40B202BEF918200F88FC8 /* view */,
			);
			path = favorite;
			sourceTree = "<group>";
		};
		D3D40B0B2BEF8E3300F88FC8 /* teamDetails */ = {
			isa = PBXGroup;
			children = (
				38683EB42BF3CEBF0098036B /* ViewModel */,
				38683EB32BF3CEB10098036B /* Model */,
				D3D40B192BEF8FE200F88FC8 /* view */,
			);
			path = teamDetails;
			sourceTree = "<group>";
		};
		D3D40B0C2BEF8E4300F88FC8 /* lengueList */ = {
			isa = PBXGroup;
			children = (
				D3D40B112BEF8F0B00F88FC8 /* viewModel */,
				D3D40B102BEF8EFF00F88FC8 /* view */,
			);
			path = lengueList;
			sourceTree = "<group>";
		};
		D3D40B0D2BEF8E7C00F88FC8 /* views */ = {
			isa = PBXGroup;
			children = (
				D3D40B152BEF8F6700F88FC8 /* LeaguesTableViewCell.swift */,
				D3D40B162BEF8F6700F88FC8 /* LeaguesTableViewCell.xib */,
			);
			path = views;
			sourceTree = "<group>";
		};
		D3D40B102BEF8EFF00F88FC8 /* view */ = {
			isa = PBXGroup;
			children = (
				D3D40B132BEF8F2B00F88FC8 /* LeaguesTableViewController.swift */,
			);
			path = view;
			sourceTree = "<group>";
		};
		D3D40B112BEF8F0B00F88FC8 /* viewModel */ = {
			isa = PBXGroup;
			children = (
				D3A5EE562BF111F5006741B6 /* LeaguesViewModelProtocol.swift */,
				D3A5EE582BF1123C006741B6 /* LeaguesViewModel.swift */,
			);
			path = viewModel;
			sourceTree = "<group>";
		};
		D3D40B192BEF8FE200F88FC8 /* view */ = {
			isa = PBXGroup;
			children = (
				D3D40B1E2BEF90A800F88FC8 /* PlayerCollectionViewCell.swift */,
				38683EBB2BF3FE070098036B /* TeamDetailsViewController.swift */,
			);
			path = view;
			sourceTree = "<group>";
		};
		D3D40B202BEF918200F88FC8 /* view */ = {
			isa = PBXGroup;
			children = (
				D3D40B232BEF91B300F88FC8 /* FavoriteTableViewController.swift */,
			);
			path = view;
			sourceTree = "<group>";
		};
/* End PBXGroup section */

/* Begin PBXNativeTarget section */
		387C31642BEE441300DEA413 /* SportsApp */ = {
			isa = PBXNativeTarget;
			buildConfigurationList = 387C318F2BEE441700DEA413 /* Build configuration list for PBXNativeTarget "SportsApp" */;
			buildPhases = (
				387C31612BEE441300DEA413 /* Sources */,
				387C31622BEE441300DEA413 /* Frameworks */,
				387C31632BEE441300DEA413 /* Resources */,
			);
			buildRules = (
			);
			dependencies = (
			);
			name = SportsApp;
			packageProductDependencies = (
				D3AAB20B2BF019800030C7E4 /* Alamofire */,
				D3AAB20D2BF019800030C7E4 /* AlamofireDynamic */,
				D3AAB2172BF01BDD0030C7E4 /* Kingfisher */,
				D3AA8CA72BF4C5AC00861ED2 /* Reachability */,
			);
			productName = SportsApp;
			productReference = 387C31652BEE441300DEA413 /* SportsApp.app */;
			productType = "com.apple.product-type.application";
		};
		387C317A2BEE441600DEA413 /* SportsAppTests */ = {
			isa = PBXNativeTarget;
			buildConfigurationList = 387C31922BEE441700DEA413 /* Build configuration list for PBXNativeTarget "SportsAppTests" */;
			buildPhases = (
				387C31772BEE441600DEA413 /* Sources */,
				387C31782BEE441600DEA413 /* Frameworks */,
				387C31792BEE441600DEA413 /* Resources */,
			);
			buildRules = (
			);
			dependencies = (
				387C317D2BEE441600DEA413 /* PBXTargetDependency */,
			);
			name = SportsAppTests;
			productName = SportsAppTests;
			productReference = 387C317B2BEE441600DEA413 /* SportsAppTests.xctest */;
			productType = "com.apple.product-type.bundle.unit-test";
		};
		387C31842BEE441600DEA413 /* SportsAppUITests */ = {
			isa = PBXNativeTarget;
			buildConfigurationList = 387C31952BEE441700DEA413 /* Build configuration list for PBXNativeTarget "SportsAppUITests" */;
			buildPhases = (
				387C31812BEE441600DEA413 /* Sources */,
				387C31822BEE441600DEA413 /* Frameworks */,
				387C31832BEE441600DEA413 /* Resources */,
			);
			buildRules = (
			);
			dependencies = (
				387C31872BEE441600DEA413 /* PBXTargetDependency */,
			);
			name = SportsAppUITests;
			productName = SportsAppUITests;
			productReference = 387C31852BEE441600DEA413 /* SportsAppUITests.xctest */;
			productType = "com.apple.product-type.bundle.ui-testing";
		};
/* End PBXNativeTarget section */

/* Begin PBXProject section */
		387C315D2BEE441300DEA413 /* Project object */ = {
			isa = PBXProject;
			attributes = {
				BuildIndependentTargetsInParallel = 1;
				LastSwiftUpdateCheck = 1530;
				LastUpgradeCheck = 1530;
				TargetAttributes = {
					387C31642BEE441300DEA413 = {
						CreatedOnToolsVersion = 15.3;
					};
					387C317A2BEE441600DEA413 = {
						CreatedOnToolsVersion = 15.3;
						TestTargetID = 387C31642BEE441300DEA413;
					};
					387C31842BEE441600DEA413 = {
						CreatedOnToolsVersion = 15.3;
						TestTargetID = 387C31642BEE441300DEA413;
					};
				};
			};
			buildConfigurationList = 387C31602BEE441300DEA413 /* Build configuration list for PBXProject "SportsApp" */;
			compatibilityVersion = "Xcode 15.0";
			developmentRegion = en;
			hasScannedForEncodings = 0;
			knownRegions = (
				en,
				Base,
			);
			mainGroup = 387C315C2BEE441300DEA413;
			packageReferences = (
				D3BD9EB92BF016000059DCDA /* XCRemoteSwiftPackageReference "Kingfisher" */,
				D3BD9EBA2BF0160E0059DCDA /* XCRemoteSwiftPackageReference "Alamofire" */,
				D3AA8CA62BF4C5AC00861ED2 /* XCRemoteSwiftPackageReference "Reachability" */,
			);
			productRefGroup = 387C31662BEE441300DEA413 /* Products */;
			projectDirPath = "";
			projectRoot = "";
			targets = (
				387C31642BEE441300DEA413 /* SportsApp */,
				387C317A2BEE441600DEA413 /* SportsAppTests */,
				387C31842BEE441600DEA413 /* SportsAppUITests */,
			);
		};
/* End PBXProject section */

/* Begin PBXResourcesBuildPhase section */
		387C31632BEE441300DEA413 /* Resources */ = {
			isa = PBXResourcesBuildPhase;
			buildActionMask = 2147483647;
			files = (
				387C31722BEE441600DEA413 /* Assets.xcassets in Resources */,
				3874A3D72BF6660400026A95 /* left.png in Resources */,
				38C932E22BF668410040CBD0 /* leftArrow.png in Resources */,
				387C31752BEE441600DEA413 /* Base in Resources */,
				387C31702BEE441300DEA413 /* Base in Resources */,
				D3D40B182BEF8F6700F88FC8 /* LeaguesTableViewCell.xib in Resources */,
			);
			runOnlyForDeploymentPostprocessing = 0;
		};
		387C31792BEE441600DEA413 /* Resources */ = {
			isa = PBXResourcesBuildPhase;
			buildActionMask = 2147483647;
			files = (
			);
			runOnlyForDeploymentPostprocessing = 0;
		};
		387C31832BEE441600DEA413 /* Resources */ = {
			isa = PBXResourcesBuildPhase;
			buildActionMask = 2147483647;
			files = (
			);
			runOnlyForDeploymentPostprocessing = 0;
		};
/* End PBXResourcesBuildPhase section */

/* Begin PBXSourcesBuildPhase section */
		387C31612BEE441300DEA413 /* Sources */ = {
			isa = PBXSourcesBuildPhase;
			buildActionMask = 2147483647;
			files = (
				D3D40B142BEF8F2B00F88FC8 /* LeaguesTableViewController.swift in Sources */,
				38683EBC2BF3FE070098036B /* TeamDetailsViewController.swift in Sources */,
				380F9F6F2BF119BC00F0713E /* SportCollectionViewCustomCell.swift in Sources */,
				D3A5EE572BF111F5006741B6 /* LeaguesViewModelProtocol.swift in Sources */,
				387C316D2BEE441300DEA413 /* ViewController.swift in Sources */,
				38683E102BF185DC0098036B /* SportData.swift in Sources */,
				380F9F7B2BF134D000F0713E /* EventData.swift in Sources */,
				D3A5EE592BF1123C006741B6 /* LeaguesViewModel.swift in Sources */,
				387C319F2BEE709500DEA413 /* FlowLayout.swift in Sources */,
				38683EB82BF3D1990098036B /* TeamDetailsViewModelProtocol.swift in Sources */,
				D3A5EE5F2BF11366006741B6 /* NetworkHandler.swift in Sources */,
				380F9F7F2BF13C6700F0713E /* LeaguesDetailsViewModel.swift in Sources */,
				38683E122BF1862E0098036B /* HomeViewModel.swift in Sources */,
				380F9F7D2BF134F000F0713E /* Event.swift in Sources */,
				380F9F732BF11B5B00F0713E /* MyHeaderView.swift in Sources */,
				D3BD9EB82BF015AE0059DCDA /* NetworkHandlerProtocol.swift in Sources */,
				D3D40B172BEF8F6700F88FC8 /* LeaguesTableViewCell.swift in Sources */,
				387C319B2BEE5FDE00DEA413 /* HomeCollectionViewController.swift in Sources */,
				38683EB62BF3CFD50098036B /* TeamDetailViewModel.swift in Sources */,
				D3D40B242BEF91B300F88FC8 /* FavoriteTableViewController.swift in Sources */,
				387C31692BEE441300DEA413 /* AppDelegate.swift in Sources */,
				380F9F772BF11BFC00F0713E /* LeagueTeamCollectionViewCell.swift in Sources */,
				380F9F752BF11BB700F0713E /* LatestResultsCollectionViewCell.swift in Sources */,
				387C316B2BEE441300DEA413 /* SceneDelegate.swift in Sources */,
				D3AA8CAA2BF4C5BA00861ED2 /* SharedLeagueDataViewModelProtocol.swift in Sources */,
				380F9F712BF11AEC00F0713E /* LeaguesDetailsViewController.swift in Sources */,
				D3D40B1F2BEF90A800F88FC8 /* PlayerCollectionViewCell.swift in Sources */,
				38683E622BF296E10098036B /* FavouriteSportsDataSource.swift in Sources */,
				380F9ED72BF012BB00F0713E /* UpcomingEventsCollectionViewCell.swift in Sources */,
				3874A3D52BF6525000026A95 /* SportsApp.xcdatamodeld in Sources */,
				38683EBA2BF3F09A0098036B /* TeamDetails.swift in Sources */,
				D3AA8CA52BF4C57800861ED2 /* FavViewModel.swift in Sources */,
				380F9F812BF13CAB00F0713E /* LeaguesDetailsViewModelProtocol.swift in Sources */,
				D3A5EE5D2BF112A9006741B6 /* League.swift in Sources */,
				38683EB22BF3BC580098036B /* TeamData.swift in Sources */,
				D3A5EE5B2BF1126A006741B6 /* LeagueData.swift in Sources */,
			);
			runOnlyForDeploymentPostprocessing = 0;
		};
		387C31772BEE441600DEA413 /* Sources */ = {
			isa = PBXSourcesBuildPhase;
			buildActionMask = 2147483647;
			files = (
				387C31802BEE441600DEA413 /* SportsAppTests.swift in Sources */,
				382D74242BF5E86E00B3388B /* SportsAppExpectedTesting.swift in Sources */,
				D3A806462BF610E800E1C61D /* MockNetworkHandler.swift in Sources */,
			);
			runOnlyForDeploymentPostprocessing = 0;
		};
		387C31812BEE441600DEA413 /* Sources */ = {
			isa = PBXSourcesBuildPhase;
			buildActionMask = 2147483647;
			files = (
				387C318A2BEE441600DEA413 /* SportsAppUITests.swift in Sources */,
				387C318C2BEE441600DEA413 /* SportsAppUITestsLaunchTests.swift in Sources */,
			);
			runOnlyForDeploymentPostprocessing = 0;
		};
/* End PBXSourcesBuildPhase section */

/* Begin PBXTargetDependency section */
		387C317D2BEE441600DEA413 /* PBXTargetDependency */ = {
			isa = PBXTargetDependency;
			target = 387C31642BEE441300DEA413 /* SportsApp */;
			targetProxy = 387C317C2BEE441600DEA413 /* PBXContainerItemProxy */;
		};
		387C31872BEE441600DEA413 /* PBXTargetDependency */ = {
			isa = PBXTargetDependency;
			target = 387C31642BEE441300DEA413 /* SportsApp */;
			targetProxy = 387C31862BEE441600DEA413 /* PBXContainerItemProxy */;
		};
/* End PBXTargetDependency section */

/* Begin PBXVariantGroup section */
		387C316E2BEE441300DEA413 /* Main.storyboard */ = {
			isa = PBXVariantGroup;
			children = (
				387C316F2BEE441300DEA413 /* Base */,
			);
			name = Main.storyboard;
			sourceTree = "<group>";
		};
		387C31732BEE441600DEA413 /* LaunchScreen.storyboard */ = {
			isa = PBXVariantGroup;
			children = (
				387C31742BEE441600DEA413 /* Base */,
			);
			name = LaunchScreen.storyboard;
			sourceTree = "<group>";
		};
/* End PBXVariantGroup section */

/* Begin XCBuildConfiguration section */
		387C318D2BEE441700DEA413 /* Debug */ = {
			isa = XCBuildConfiguration;
			buildSettings = {
				ALWAYS_SEARCH_USER_PATHS = NO;
				ASSETCATALOG_COMPILER_GENERATE_SWIFT_ASSET_SYMBOL_EXTENSIONS = YES;
				CLANG_ANALYZER_NONNULL = YES;
				CLANG_ANALYZER_NUMBER_OBJECT_CONVERSION = YES_AGGRESSIVE;
				CLANG_CXX_LANGUAGE_STANDARD = "gnu++20";
				CLANG_ENABLE_MODULES = YES;
				CLANG_ENABLE_OBJC_ARC = YES;
				CLANG_ENABLE_OBJC_WEAK = YES;
				CLANG_WARN_BLOCK_CAPTURE_AUTORELEASING = YES;
				CLANG_WARN_BOOL_CONVERSION = YES;
				CLANG_WARN_COMMA = YES;
				CLANG_WARN_CONSTANT_CONVERSION = YES;
				CLANG_WARN_DEPRECATED_OBJC_IMPLEMENTATIONS = YES;
				CLANG_WARN_DIRECT_OBJC_ISA_USAGE = YES_ERROR;
				CLANG_WARN_DOCUMENTATION_COMMENTS = YES;
				CLANG_WARN_EMPTY_BODY = YES;
				CLANG_WARN_ENUM_CONVERSION = YES;
				CLANG_WARN_INFINITE_RECURSION = YES;
				CLANG_WARN_INT_CONVERSION = YES;
				CLANG_WARN_NON_LITERAL_NULL_CONVERSION = YES;
				CLANG_WARN_OBJC_IMPLICIT_RETAIN_SELF = YES;
				CLANG_WARN_OBJC_LITERAL_CONVERSION = YES;
				CLANG_WARN_OBJC_ROOT_CLASS = YES_ERROR;
				CLANG_WARN_QUOTED_INCLUDE_IN_FRAMEWORK_HEADER = YES;
				CLANG_WARN_RANGE_LOOP_ANALYSIS = YES;
				CLANG_WARN_STRICT_PROTOTYPES = YES;
				CLANG_WARN_SUSPICIOUS_MOVE = YES;
				CLANG_WARN_UNGUARDED_AVAILABILITY = YES_AGGRESSIVE;
				CLANG_WARN_UNREACHABLE_CODE = YES;
				CLANG_WARN__DUPLICATE_METHOD_MATCH = YES;
				COPY_PHASE_STRIP = NO;
				DEBUG_INFORMATION_FORMAT = dwarf;
				ENABLE_STRICT_OBJC_MSGSEND = YES;
				ENABLE_TESTABILITY = YES;
				ENABLE_USER_SCRIPT_SANDBOXING = YES;
				GCC_C_LANGUAGE_STANDARD = gnu17;
				GCC_DYNAMIC_NO_PIC = NO;
				GCC_NO_COMMON_BLOCKS = YES;
				GCC_OPTIMIZATION_LEVEL = 0;
				GCC_PREPROCESSOR_DEFINITIONS = (
					"DEBUG=1",
					"$(inherited)",
				);
				GCC_WARN_64_TO_32_BIT_CONVERSION = YES;
				GCC_WARN_ABOUT_RETURN_TYPE = YES_ERROR;
				GCC_WARN_UNDECLARED_SELECTOR = YES;
				GCC_WARN_UNINITIALIZED_AUTOS = YES_AGGRESSIVE;
				GCC_WARN_UNUSED_FUNCTION = YES;
				GCC_WARN_UNUSED_VARIABLE = YES;
				IPHONEOS_DEPLOYMENT_TARGET = 17.4;
				LOCALIZATION_PREFERS_STRING_CATALOGS = YES;
				MTL_ENABLE_DEBUG_INFO = INCLUDE_SOURCE;
				MTL_FAST_MATH = YES;
				ONLY_ACTIVE_ARCH = YES;
				SDKROOT = iphoneos;
				SWIFT_ACTIVE_COMPILATION_CONDITIONS = "DEBUG $(inherited)";
				SWIFT_OPTIMIZATION_LEVEL = "-Onone";
			};
			name = Debug;
		};
		387C318E2BEE441700DEA413 /* Release */ = {
			isa = XCBuildConfiguration;
			buildSettings = {
				ALWAYS_SEARCH_USER_PATHS = NO;
				ASSETCATALOG_COMPILER_GENERATE_SWIFT_ASSET_SYMBOL_EXTENSIONS = YES;
				CLANG_ANALYZER_NONNULL = YES;
				CLANG_ANALYZER_NUMBER_OBJECT_CONVERSION = YES_AGGRESSIVE;
				CLANG_CXX_LANGUAGE_STANDARD = "gnu++20";
				CLANG_ENABLE_MODULES = YES;
				CLANG_ENABLE_OBJC_ARC = YES;
				CLANG_ENABLE_OBJC_WEAK = YES;
				CLANG_WARN_BLOCK_CAPTURE_AUTORELEASING = YES;
				CLANG_WARN_BOOL_CONVERSION = YES;
				CLANG_WARN_COMMA = YES;
				CLANG_WARN_CONSTANT_CONVERSION = YES;
				CLANG_WARN_DEPRECATED_OBJC_IMPLEMENTATIONS = YES;
				CLANG_WARN_DIRECT_OBJC_ISA_USAGE = YES_ERROR;
				CLANG_WARN_DOCUMENTATION_COMMENTS = YES;
				CLANG_WARN_EMPTY_BODY = YES;
				CLANG_WARN_ENUM_CONVERSION = YES;
				CLANG_WARN_INFINITE_RECURSION = YES;
				CLANG_WARN_INT_CONVERSION = YES;
				CLANG_WARN_NON_LITERAL_NULL_CONVERSION = YES;
				CLANG_WARN_OBJC_IMPLICIT_RETAIN_SELF = YES;
				CLANG_WARN_OBJC_LITERAL_CONVERSION = YES;
				CLANG_WARN_OBJC_ROOT_CLASS = YES_ERROR;
				CLANG_WARN_QUOTED_INCLUDE_IN_FRAMEWORK_HEADER = YES;
				CLANG_WARN_RANGE_LOOP_ANALYSIS = YES;
				CLANG_WARN_STRICT_PROTOTYPES = YES;
				CLANG_WARN_SUSPICIOUS_MOVE = YES;
				CLANG_WARN_UNGUARDED_AVAILABILITY = YES_AGGRESSIVE;
				CLANG_WARN_UNREACHABLE_CODE = YES;
				CLANG_WARN__DUPLICATE_METHOD_MATCH = YES;
				COPY_PHASE_STRIP = NO;
				DEBUG_INFORMATION_FORMAT = "dwarf-with-dsym";
				ENABLE_NS_ASSERTIONS = NO;
				ENABLE_STRICT_OBJC_MSGSEND = YES;
				ENABLE_USER_SCRIPT_SANDBOXING = YES;
				GCC_C_LANGUAGE_STANDARD = gnu17;
				GCC_NO_COMMON_BLOCKS = YES;
				GCC_WARN_64_TO_32_BIT_CONVERSION = YES;
				GCC_WARN_ABOUT_RETURN_TYPE = YES_ERROR;
				GCC_WARN_UNDECLARED_SELECTOR = YES;
				GCC_WARN_UNINITIALIZED_AUTOS = YES_AGGRESSIVE;
				GCC_WARN_UNUSED_FUNCTION = YES;
				GCC_WARN_UNUSED_VARIABLE = YES;
				IPHONEOS_DEPLOYMENT_TARGET = 17.4;
				LOCALIZATION_PREFERS_STRING_CATALOGS = YES;
				MTL_ENABLE_DEBUG_INFO = NO;
				MTL_FAST_MATH = YES;
				SDKROOT = iphoneos;
				SWIFT_COMPILATION_MODE = wholemodule;
				VALIDATE_PRODUCT = YES;
			};
			name = Release;
		};
		387C31902BEE441700DEA413 /* Debug */ = {
			isa = XCBuildConfiguration;
			buildSettings = {
				ASSETCATALOG_COMPILER_APPICON_NAME = AppIcon;
				ASSETCATALOG_COMPILER_GLOBAL_ACCENT_COLOR_NAME = AccentColor;
				CODE_SIGN_IDENTITY = "Apple Development";
				CODE_SIGN_STYLE = Automatic;
				CURRENT_PROJECT_VERSION = 1;
				DEVELOPMENT_TEAM = "";
				GENERATE_INFOPLIST_FILE = YES;
				INFOPLIST_FILE = SportsApp/Info.plist;
				INFOPLIST_KEY_UIApplicationSupportsIndirectInputEvents = YES;
				INFOPLIST_KEY_UILaunchStoryboardName = LaunchScreen;
				INFOPLIST_KEY_UIMainStoryboardFile = Main;
				INFOPLIST_KEY_UISupportedInterfaceOrientations_iPad = "UIInterfaceOrientationPortrait UIInterfaceOrientationPortraitUpsideDown UIInterfaceOrientationLandscapeLeft UIInterfaceOrientationLandscapeRight";
				INFOPLIST_KEY_UISupportedInterfaceOrientations_iPhone = "UIInterfaceOrientationPortrait UIInterfaceOrientationLandscapeLeft UIInterfaceOrientationLandscapeRight";
				LD_RUNPATH_SEARCH_PATHS = (
					"$(inherited)",
					"@executable_path/Frameworks",
				);
				MARKETING_VERSION = 1.0;
				PRODUCT_BUNDLE_IDENTIFIER = ITI.SportsApp;
				PRODUCT_NAME = "$(TARGET_NAME)";
				PROVISIONING_PROFILE_SPECIFIER = "";
				SWIFT_EMIT_LOC_STRINGS = YES;
				SWIFT_VERSION = 5.0;
				TARGETED_DEVICE_FAMILY = "1,2";
			};
			name = Debug;
		};
		387C31912BEE441700DEA413 /* Release */ = {
			isa = XCBuildConfiguration;
			buildSettings = {
				ASSETCATALOG_COMPILER_APPICON_NAME = AppIcon;
				ASSETCATALOG_COMPILER_GLOBAL_ACCENT_COLOR_NAME = AccentColor;
				CODE_SIGN_IDENTITY = "Apple Development";
				CODE_SIGN_STYLE = Automatic;
				CURRENT_PROJECT_VERSION = 1;
				DEVELOPMENT_TEAM = "";
				GENERATE_INFOPLIST_FILE = YES;
				INFOPLIST_FILE = SportsApp/Info.plist;
				INFOPLIST_KEY_UIApplicationSupportsIndirectInputEvents = YES;
				INFOPLIST_KEY_UILaunchStoryboardName = LaunchScreen;
				INFOPLIST_KEY_UIMainStoryboardFile = Main;
				INFOPLIST_KEY_UISupportedInterfaceOrientations_iPad = "UIInterfaceOrientationPortrait UIInterfaceOrientationPortraitUpsideDown UIInterfaceOrientationLandscapeLeft UIInterfaceOrientationLandscapeRight";
				INFOPLIST_KEY_UISupportedInterfaceOrientations_iPhone = "UIInterfaceOrientationPortrait UIInterfaceOrientationLandscapeLeft UIInterfaceOrientationLandscapeRight";
				LD_RUNPATH_SEARCH_PATHS = (
					"$(inherited)",
					"@executable_path/Frameworks",
				);
				MARKETING_VERSION = 1.0;
				PRODUCT_BUNDLE_IDENTIFIER = ITI.SportsApp;
				PRODUCT_NAME = "$(TARGET_NAME)";
				PROVISIONING_PROFILE_SPECIFIER = "";
				SWIFT_EMIT_LOC_STRINGS = YES;
				SWIFT_VERSION = 5.0;
				TARGETED_DEVICE_FAMILY = "1,2";
			};
			name = Release;
		};
		387C31932BEE441700DEA413 /* Debug */ = {
			isa = XCBuildConfiguration;
			buildSettings = {
				ALWAYS_EMBED_SWIFT_STANDARD_LIBRARIES = YES;
				BUNDLE_LOADER = "$(TEST_HOST)";
				CODE_SIGN_STYLE = Automatic;
				CURRENT_PROJECT_VERSION = 1;
				GENERATE_INFOPLIST_FILE = YES;
				IPHONEOS_DEPLOYMENT_TARGET = 17.4;
				MARKETING_VERSION = 1.0;
				PRODUCT_BUNDLE_IDENTIFIER = ITI.SportsAppTests;
				PRODUCT_NAME = "$(TARGET_NAME)";
				SWIFT_EMIT_LOC_STRINGS = NO;
				SWIFT_VERSION = 5.0;
				TARGETED_DEVICE_FAMILY = "1,2";
				TEST_HOST = "$(BUILT_PRODUCTS_DIR)/SportsApp.app/$(BUNDLE_EXECUTABLE_FOLDER_PATH)/SportsApp";
			};
			name = Debug;
		};
		387C31942BEE441700DEA413 /* Release */ = {
			isa = XCBuildConfiguration;
			buildSettings = {
				ALWAYS_EMBED_SWIFT_STANDARD_LIBRARIES = YES;
				BUNDLE_LOADER = "$(TEST_HOST)";
				CODE_SIGN_STYLE = Automatic;
				CURRENT_PROJECT_VERSION = 1;
				GENERATE_INFOPLIST_FILE = YES;
				IPHONEOS_DEPLOYMENT_TARGET = 17.4;
				MARKETING_VERSION = 1.0;
				PRODUCT_BUNDLE_IDENTIFIER = ITI.SportsAppTests;
				PRODUCT_NAME = "$(TARGET_NAME)";
				SWIFT_EMIT_LOC_STRINGS = NO;
				SWIFT_VERSION = 5.0;
				TARGETED_DEVICE_FAMILY = "1,2";
				TEST_HOST = "$(BUILT_PRODUCTS_DIR)/SportsApp.app/$(BUNDLE_EXECUTABLE_FOLDER_PATH)/SportsApp";
			};
			name = Release;
		};
		387C31962BEE441700DEA413 /* Debug */ = {
			isa = XCBuildConfiguration;
			buildSettings = {
				ALWAYS_EMBED_SWIFT_STANDARD_LIBRARIES = YES;
				CODE_SIGN_STYLE = Automatic;
				CURRENT_PROJECT_VERSION = 1;
				GENERATE_INFOPLIST_FILE = YES;
				MARKETING_VERSION = 1.0;
				PRODUCT_BUNDLE_IDENTIFIER = ITI.SportsAppUITests;
				PRODUCT_NAME = "$(TARGET_NAME)";
				SWIFT_EMIT_LOC_STRINGS = NO;
				SWIFT_VERSION = 5.0;
				TARGETED_DEVICE_FAMILY = "1,2";
				TEST_TARGET_NAME = SportsApp;
			};
			name = Debug;
		};
		387C31972BEE441700DEA413 /* Release */ = {
			isa = XCBuildConfiguration;
			buildSettings = {
				ALWAYS_EMBED_SWIFT_STANDARD_LIBRARIES = YES;
				CODE_SIGN_STYLE = Automatic;
				CURRENT_PROJECT_VERSION = 1;
				GENERATE_INFOPLIST_FILE = YES;
				MARKETING_VERSION = 1.0;
				PRODUCT_BUNDLE_IDENTIFIER = ITI.SportsAppUITests;
				PRODUCT_NAME = "$(TARGET_NAME)";
				SWIFT_EMIT_LOC_STRINGS = NO;
				SWIFT_VERSION = 5.0;
				TARGETED_DEVICE_FAMILY = "1,2";
				TEST_TARGET_NAME = SportsApp;
			};
			name = Release;
		};
/* End XCBuildConfiguration section */

/* Begin XCConfigurationList section */
		387C31602BEE441300DEA413 /* Build configuration list for PBXProject "SportsApp" */ = {
			isa = XCConfigurationList;
			buildConfigurations = (
				387C318D2BEE441700DEA413 /* Debug */,
				387C318E2BEE441700DEA413 /* Release */,
			);
			defaultConfigurationIsVisible = 0;
			defaultConfigurationName = Release;
		};
		387C318F2BEE441700DEA413 /* Build configuration list for PBXNativeTarget "SportsApp" */ = {
			isa = XCConfigurationList;
			buildConfigurations = (
				387C31902BEE441700DEA413 /* Debug */,
				387C31912BEE441700DEA413 /* Release */,
			);
			defaultConfigurationIsVisible = 0;
			defaultConfigurationName = Release;
		};
		387C31922BEE441700DEA413 /* Build configuration list for PBXNativeTarget "SportsAppTests" */ = {
			isa = XCConfigurationList;
			buildConfigurations = (
				387C31932BEE441700DEA413 /* Debug */,
				387C31942BEE441700DEA413 /* Release */,
			);
			defaultConfigurationIsVisible = 0;
			defaultConfigurationName = Release;
		};
		387C31952BEE441700DEA413 /* Build configuration list for PBXNativeTarget "SportsAppUITests" */ = {
			isa = XCConfigurationList;
			buildConfigurations = (
				387C31962BEE441700DEA413 /* Debug */,
				387C31972BEE441700DEA413 /* Release */,
			);
			defaultConfigurationIsVisible = 0;
			defaultConfigurationName = Release;
		};
/* End XCConfigurationList section */

/* Begin XCRemoteSwiftPackageReference section */
		D3AA8CA62BF4C5AC00861ED2 /* XCRemoteSwiftPackageReference "Reachability" */ = {
			isa = XCRemoteSwiftPackageReference;
			repositoryURL = "https://github.com/ashleymills/Reachability.swift";
			requirement = {
				branch = master;
				kind = branch;
			};
		};
		D3BD9EB92BF016000059DCDA /* XCRemoteSwiftPackageReference "Kingfisher" */ = {
			isa = XCRemoteSwiftPackageReference;
			repositoryURL = "https://github.com/onevcat/Kingfisher.git";
			requirement = {
				kind = upToNextMajorVersion;
				minimumVersion = 7.11.0;
			};
		};
		D3BD9EBA2BF0160E0059DCDA /* XCRemoteSwiftPackageReference "Alamofire" */ = {
			isa = XCRemoteSwiftPackageReference;
			repositoryURL = "https://github.com/Alamofire/Alamofire.git";
			requirement = {
				kind = upToNextMajorVersion;
				minimumVersion = 5.9.1;
			};
		};
/* End XCRemoteSwiftPackageReference section */

/* Begin XCSwiftPackageProductDependency section */
		D3AA8CA72BF4C5AC00861ED2 /* Reachability */ = {
			isa = XCSwiftPackageProductDependency;
			package = D3AA8CA62BF4C5AC00861ED2 /* XCRemoteSwiftPackageReference "Reachability" */;
			productName = Reachability;
		};
		D3AAB20B2BF019800030C7E4 /* Alamofire */ = {
			isa = XCSwiftPackageProductDependency;
			package = D3BD9EBA2BF0160E0059DCDA /* XCRemoteSwiftPackageReference "Alamofire" */;
			productName = Alamofire;
		};
		D3AAB20D2BF019800030C7E4 /* AlamofireDynamic */ = {
			isa = XCSwiftPackageProductDependency;
			package = D3BD9EBA2BF0160E0059DCDA /* XCRemoteSwiftPackageReference "Alamofire" */;
			productName = AlamofireDynamic;
		};
		D3AAB2172BF01BDD0030C7E4 /* Kingfisher */ = {
			isa = XCSwiftPackageProductDependency;
			package = D3BD9EB92BF016000059DCDA /* XCRemoteSwiftPackageReference "Kingfisher" */;
			productName = Kingfisher;
		};
/* End XCSwiftPackageProductDependency section */

/* Begin XCVersionGroup section */
		3874A3D32BF6525000026A95 /* SportsApp.xcdatamodeld */ = {
			isa = XCVersionGroup;
			children = (
				3874A3D42BF6525000026A95 /* SportsApp.xcdatamodel */,
			);
			currentVersion = 3874A3D42BF6525000026A95 /* SportsApp.xcdatamodel */;
			name = SportsApp.xcdatamodeld;
			path = /Users/salma/Documents/s3/SportsApp/SportsApp/SportsApp.xcdatamodeld;
			sourceTree = "<group>";
			versionGroupType = wrapper.xcdatamodel;
		};
/* End XCVersionGroup section */
	};
	rootObject = 387C315D2BEE441300DEA413 /* Project object */;
}
